Microsoft Visual Studio Solution File, Format Version 12.00
# Visual Studio 2013
VisualStudioVersion = 12.0.40629.0
MinimumVisualStudioVersion = 10.0.40219.1
Project("{8BC9CEB8-8B4A-11D0-8D11-00A0C91BC942}") = "openssl", "openssl.vcxproj", "{7DE00581-5A67-3CA9-B2FD-5B6976B394EC}"
EndProject
Project("{8BC9CEB8-8B4A-11D0-8D11-00A0C91BC942}") = "openssl-cli", "openssl-cli.vcxproj", "{F783FA01-855C-D20C-1916-3660AB86DFAC}"
EndProject
Global
	GlobalSection(SolutionConfigurationPlatforms) = preSolution
		Default|Win32 = Default|Win32
	EndGlobalSection
	GlobalSection(ProjectConfigurationPlatforms) = postSolution
		{7DE00581-5A67-3CA9-B2FD-5B6976B394EC}.Default|Win32.ActiveCfg = Default|Win32
		{7DE00581-5A67-3CA9-B2FD-5B6976B394EC}.Default|Win32.Build.0 = Default|Win32
		{F783FA01-855C-D20C-1916-3660AB86DFAC}.Default|Win32.ActiveCfg = Default|Win32
		{F783FA01-855C-D20C-1916-3660AB86DFAC}.Default|Win32.Build.0 = Default|Win32
	EndGlobalSection
	GlobalSection(SolutionProperties) = preSolution
		HideSolutionNode = FALSE
	EndGlobalSection
EndGlobal
