
Microsoft Visual Studio Solution File, Format Version 12.00
# Visual Studio 2013
VisualStudioVersion = 12.0.31101.0
MinimumVisualStudioVersion = 10.0.40219.1
Project("{8BC9CEB8-8B4A-11D0-8D11-00A0C91BC942}") = "nanomsg_pub", "nanomsg_pub\nanomsg_pub.vcxproj", "{B02D0991-5D78-4A36-A310-F0BB5B088E43}"
EndProject
Project("{8BC9CEB8-8B4A-11D0-8D11-00A0C91BC942}") = "nanomsg_sub", "nanomsg_sub\nanomsg_sub.vcxproj", "{CFD33AEE-79BD-4B80-8E89-722553BD6BDD}"
EndProject
Project("{8BC9CEB8-8B4A-11D0-8D11-00A0C91BC942}") = "nanomsg_rep", "nanomsg_rep\nanomsg_rep.vcxproj", "{2C99C6F9-FF85-47DB-9224-8C4822653657}"
EndProject
Project("{8BC9CEB8-8B4A-11D0-8D11-00A0C91BC942}") = "nanomsg_req", "nanomsg_req\nanomsg_req.vcxproj", "{A6E12632-DB8B-414D-A150-FB03A6CCA4AC}"
EndProject
Project("{8BC9CEB8-8B4A-11D0-8D11-00A0C91BC942}") = "nanomsg_ipc", "nanomsg_ipc\nanomsg_ipc.vcxproj", "{5A93558F-CA42-4D10-BCEF-0F4FAA246160}"
EndProject
Project("{8BC9CEB8-8B4A-11D0-8D11-00A0C91BC942}") = "nanomsg_bus", "nanomsg_bus\nanomsg_bus.vcxproj", "{E7142BDE-8AD4-4493-A481-D54A1A0C826B}"
EndProject
Project("{8BC9CEB8-8B4A-11D0-8D11-00A0C91BC942}") = "GameServer", "GameServer\GameServer.vcxproj", "{C696E3B0-EE79-4CE4-B7FF-73F000F1A200}"
EndProject
Project("{8BC9CEB8-8B4A-11D0-8D11-00A0C91BC942}") = "PlatformServer", "PlatformServer\PlatformServer.vcxproj", "{28344E32-E503-4267-BE4E-DE976D89F9EF}"
EndProject
Project("{8BC9CEB8-8B4A-11D0-8D11-00A0C91BC942}") = "libproperties", "libproperties-1.0\vc\libproperties.vcxproj", "{40BD52BB-5106-43B8-AD92-21BFD9343619}"
EndProject
Project("{8BC9CEB8-8B4A-11D0-8D11-00A0C91BC942}") = "libutils", "libutils\libutils.vcxproj", "{6734F8C8-0EB2-4A1A-8687-1812CCCAF01B}"
EndProject
Project("{8BC9CEB8-8B4A-11D0-8D11-00A0C91BC942}") = "libnet", "libnet\libnet.vcxproj", "{006686E3-6160-4984-827E-B9200E5B3338}"
EndProject
Project("{8BC9CEB8-8B4A-11D0-8D11-00A0C91BC942}") = "event_static", "libevent\build\vs2013\event_static.vcxproj", "{1CB860DC-191E-38B1-A560-8309BDB2FD64}"
EndProject
Project("{8BC9CEB8-8B4A-11D0-8D11-00A0C91BC942}") = "nanomsg", "nanomsg\build\vs2013\src\nanomsg.vcxproj", "{143195B8-6197-3FE6-AFF6-7CD550434948}"
EndProject
Project("{8BC9CEB8-8B4A-11D0-8D11-00A0C91BC942}") = "PlatformHttpServer", "PlatformHttpServer\PlatformHttpServer.vcxproj", "{761A14B4-4B8E-4F0F-8F11-E709BFEAB588}"
EndProject
Project("{8BC9CEB8-8B4A-11D0-8D11-00A0C91BC942}") = "CenterServer", "CenterServer\CenterServer.vcxproj", "{7A452E96-11A1-4F12-879F-DDEAC05809B2}"
EndProject
Project("{8BC9CEB8-8B4A-11D0-8D11-00A0C91BC942}") = "SQLServer", "SQLServer\SQLServer.vcxproj", "{DA94A5D6-206B-48FC-8A0E-BA9BF2E22FF2}"
EndProject
Project("{8BC9CEB8-8B4A-11D0-8D11-00A0C91BC942}") = "libcrossLog", "libcrossLog\proj.win32\libcrossLog.vcxproj", "{619589EB-073B-4BDB-954C-7064CCE8F672}"
EndProject
Project("{2150E333-8FDC-42A3-9474-1A3956D46DE8}") = "lib", "lib", "{0408F2C3-B6C4-48D8-B41B-CED746147A38}"
EndProject
Project("{2150E333-8FDC-42A3-9474-1A3956D46DE8}") = "nanomsg_test", "nanomsg_test", "{65C7DCF9-4756-41D1-9F36-BE9CCAD69829}"
EndProject
Project("{8BC9CEB8-8B4A-11D0-8D11-00A0C91BC942}") = "cryptlib", "cryptopp\cryptlib.vcxproj", "{3423EC9A-52E4-4A4D-9753-EDEBC38785EF}"
EndProject
Project("{8BC9CEB8-8B4A-11D0-8D11-00A0C91BC942}") = "zlib-1.2.8", "zlib-1.2.8\zlib-1.2.8.vcxproj", "{B67944CC-CECE-4E75-8012-A134334955DC}"
EndProject
Global
	GlobalSection(SolutionConfigurationPlatforms) = preSolution
		Debug|Mixed Platforms = Debug|Mixed Platforms
		Debug|Win32 = Debug|Win32
		Debug|x64 = Debug|x64
		Debug|x86 = Debug|x86
		DLL-Import Debug|Mixed Platforms = DLL-Import Debug|Mixed Platforms
		DLL-Import Debug|Win32 = DLL-Import Debug|Win32
		DLL-Import Debug|x64 = DLL-Import Debug|x64
		DLL-Import Debug|x86 = DLL-Import Debug|x86
		DLL-Import Release|Mixed Platforms = DLL-Import Release|Mixed Platforms
		DLL-Import Release|Win32 = DLL-Import Release|Win32
		DLL-Import Release|x64 = DLL-Import Release|x64
		DLL-Import Release|x86 = DLL-Import Release|x86
		MinSizeRel|Mixed Platforms = MinSizeRel|Mixed Platforms
		MinSizeRel|Win32 = MinSizeRel|Win32
		MinSizeRel|x64 = MinSizeRel|x64
		MinSizeRel|x86 = MinSizeRel|x86
		Release|Mixed Platforms = Release|Mixed Platforms
		Release|Win32 = Release|Win32
		Release|x64 = Release|x64
		Release|x86 = Release|x86
		RelWithDebInfo|Mixed Platforms = RelWithDebInfo|Mixed Platforms
		RelWithDebInfo|Win32 = RelWithDebInfo|Win32
		RelWithDebInfo|x64 = RelWithDebInfo|x64
		RelWithDebInfo|x86 = RelWithDebInfo|x86
	EndGlobalSection
	GlobalSection(ProjectConfigurationPlatforms) = postSolution
		{B02D0991-5D78-4A36-A310-F0BB5B088E43}.Debug|Mixed Platforms.ActiveCfg = Debug|Win32
		{B02D0991-5D78-4A36-A310-F0BB5B088E43}.Debug|Mixed Platforms.Build.0 = Debug|Win32
		{B02D0991-5D78-4A36-A310-F0BB5B088E43}.Debug|Win32.ActiveCfg = Debug|Win32
		{B02D0991-5D78-4A36-A310-F0BB5B088E43}.Debug|Win32.Build.0 = Debug|Win32
		{B02D0991-5D78-4A36-A310-F0BB5B088E43}.Debug|x64.ActiveCfg = Debug|x64
		{B02D0991-5D78-4A36-A310-F0BB5B088E43}.Debug|x64.Build.0 = Debug|x64
		{B02D0991-5D78-4A36-A310-F0BB5B088E43}.Debug|x86.ActiveCfg = Debug|Win32
		{B02D0991-5D78-4A36-A310-F0BB5B088E43}.Debug|x86.Build.0 = Debug|Win32
		{B02D0991-5D78-4A36-A310-F0BB5B088E43}.DLL-Import Debug|Mixed Platforms.ActiveCfg = Debug|Win32
		{B02D0991-5D78-4A36-A310-F0BB5B088E43}.DLL-Import Debug|Win32.ActiveCfg = Debug|Win32
		{B02D0991-5D78-4A36-A310-F0BB5B088E43}.DLL-Import Debug|x64.ActiveCfg = Debug|x64
		{B02D0991-5D78-4A36-A310-F0BB5B088E43}.DLL-Import Debug|x86.ActiveCfg = Debug|Win32
		{B02D0991-5D78-4A36-A310-F0BB5B088E43}.DLL-Import Release|Mixed Platforms.ActiveCfg = Release|Win32
		{B02D0991-5D78-4A36-A310-F0BB5B088E43}.DLL-Import Release|Win32.ActiveCfg = Release|Win32
		{B02D0991-5D78-4A36-A310-F0BB5B088E43}.DLL-Import Release|x64.ActiveCfg = Release|x64
		{B02D0991-5D78-4A36-A310-F0BB5B088E43}.DLL-Import Release|x86.ActiveCfg = Release|Win32
		{B02D0991-5D78-4A36-A310-F0BB5B088E43}.MinSizeRel|Mixed Platforms.ActiveCfg = Release|Win32
		{B02D0991-5D78-4A36-A310-F0BB5B088E43}.MinSizeRel|Mixed Platforms.Build.0 = Release|Win32
		{B02D0991-5D78-4A36-A310-F0BB5B088E43}.MinSizeRel|Win32.ActiveCfg = Release|Win32
		{B02D0991-5D78-4A36-A310-F0BB5B088E43}.MinSizeRel|Win32.Build.0 = Release|Win32
		{B02D0991-5D78-4A36-A310-F0BB5B088E43}.MinSizeRel|x64.ActiveCfg = Release|x64
		{B02D0991-5D78-4A36-A310-F0BB5B088E43}.MinSizeRel|x64.Build.0 = Release|x64
		{B02D0991-5D78-4A36-A310-F0BB5B088E43}.MinSizeRel|x86.ActiveCfg = Release|Win32
		{B02D0991-5D78-4A36-A310-F0BB5B088E43}.MinSizeRel|x86.Build.0 = Release|Win32
		{B02D0991-5D78-4A36-A310-F0BB5B088E43}.Release|Mixed Platforms.ActiveCfg = Release|Win32
		{B02D0991-5D78-4A36-A310-F0BB5B088E43}.Release|Mixed Platforms.Build.0 = Release|Win32
		{B02D0991-5D78-4A36-A310-F0BB5B088E43}.Release|Win32.ActiveCfg = Release|Win32
		{B02D0991-5D78-4A36-A310-F0BB5B088E43}.Release|Win32.Build.0 = Release|Win32
		{B02D0991-5D78-4A36-A310-F0BB5B088E43}.Release|x64.ActiveCfg = Release|x64
		{B02D0991-5D78-4A36-A310-F0BB5B088E43}.Release|x64.Build.0 = Release|x64
		{B02D0991-5D78-4A36-A310-F0BB5B088E43}.Release|x86.ActiveCfg = Release|Win32
		{B02D0991-5D78-4A36-A310-F0BB5B088E43}.Release|x86.Build.0 = Release|Win32
		{B02D0991-5D78-4A36-A310-F0BB5B088E43}.RelWithDebInfo|Mixed Platforms.ActiveCfg = Release|Win32
		{B02D0991-5D78-4A36-A310-F0BB5B088E43}.RelWithDebInfo|Mixed Platforms.Build.0 = Release|Win32
		{B02D0991-5D78-4A36-A310-F0BB5B088E43}.RelWithDebInfo|Win32.ActiveCfg = Release|Win32
		{B02D0991-5D78-4A36-A310-F0BB5B088E43}.RelWithDebInfo|Win32.Build.0 = Release|Win32
		{B02D0991-5D78-4A36-A310-F0BB5B088E43}.RelWithDebInfo|x64.ActiveCfg = Release|x64
		{B02D0991-5D78-4A36-A310-F0BB5B088E43}.RelWithDebInfo|x64.Build.0 = Release|x64
		{B02D0991-5D78-4A36-A310-F0BB5B088E43}.RelWithDebInfo|x86.ActiveCfg = Release|Win32
		{B02D0991-5D78-4A36-A310-F0BB5B088E43}.RelWithDebInfo|x86.Build.0 = Release|Win32
		{CFD33AEE-79BD-4B80-8E89-722553BD6BDD}.Debug|Mixed Platforms.ActiveCfg = Debug|Win32
		{CFD33AEE-79BD-4B80-8E89-722553BD6BDD}.Debug|Mixed Platforms.Build.0 = Debug|Win32
		{CFD33AEE-79BD-4B80-8E89-722553BD6BDD}.Debug|Win32.ActiveCfg = Debug|Win32
		{CFD33AEE-79BD-4B80-8E89-722553BD6BDD}.Debug|Win32.Build.0 = Debug|Win32
		{CFD33AEE-79BD-4B80-8E89-722553BD6BDD}.Debug|x64.ActiveCfg = Debug|x64
		{CFD33AEE-79BD-4B80-8E89-722553BD6BDD}.Debug|x64.Build.0 = Debug|x64
		{CFD33AEE-79BD-4B80-8E89-722553BD6BDD}.Debug|x86.ActiveCfg = Debug|Win32
		{CFD33AEE-79BD-4B80-8E89-722553BD6BDD}.Debug|x86.Build.0 = Debug|Win32
		{CFD33AEE-79BD-4B80-8E89-722553BD6BDD}.DLL-Import Debug|Mixed Platforms.ActiveCfg = Debug|Win32
		{CFD33AEE-79BD-4B80-8E89-722553BD6BDD}.DLL-Import Debug|Win32.ActiveCfg = Debug|Win32
		{CFD33AEE-79BD-4B80-8E89-722553BD6BDD}.DLL-Import Debug|x64.ActiveCfg = Debug|x64
		{CFD33AEE-79BD-4B80-8E89-722553BD6BDD}.DLL-Import Debug|x86.ActiveCfg = Debug|Win32
		{CFD33AEE-79BD-4B80-8E89-722553BD6BDD}.DLL-Import Release|Mixed Platforms.ActiveCfg = Release|Win32
		{CFD33AEE-79BD-4B80-8E89-722553BD6BDD}.DLL-Import Release|Win32.ActiveCfg = Release|Win32
		{CFD33AEE-79BD-4B80-8E89-722553BD6BDD}.DLL-Import Release|x64.ActiveCfg = Release|x64
		{CFD33AEE-79BD-4B80-8E89-722553BD6BDD}.DLL-Import Release|x86.ActiveCfg = Release|Win32
		{CFD33AEE-79BD-4B80-8E89-722553BD6BDD}.MinSizeRel|Mixed Platforms.ActiveCfg = Release|Win32
		{CFD33AEE-79BD-4B80-8E89-722553BD6BDD}.MinSizeRel|Mixed Platforms.Build.0 = Release|Win32
		{CFD33AEE-79BD-4B80-8E89-722553BD6BDD}.MinSizeRel|Win32.ActiveCfg = Release|Win32
		{CFD33AEE-79BD-4B80-8E89-722553BD6BDD}.MinSizeRel|Win32.Build.0 = Release|Win32
		{CFD33AEE-79BD-4B80-8E89-722553BD6BDD}.MinSizeRel|x64.ActiveCfg = Release|x64
		{CFD33AEE-79BD-4B80-8E89-722553BD6BDD}.MinSizeRel|x64.Build.0 = Release|x64
		{CFD33AEE-79BD-4B80-8E89-722553BD6BDD}.MinSizeRel|x86.ActiveCfg = Release|Win32
		{CFD33AEE-79BD-4B80-8E89-722553BD6BDD}.MinSizeRel|x86.Build.0 = Release|Win32
		{CFD33AEE-79BD-4B80-8E89-722553BD6BDD}.Release|Mixed Platforms.ActiveCfg = Release|Win32
		{CFD33AEE-79BD-4B80-8E89-722553BD6BDD}.Release|Mixed Platforms.Build.0 = Release|Win32
		{CFD33AEE-79BD-4B80-8E89-722553BD6BDD}.Release|Win32.ActiveCfg = Release|Win32
		{CFD33AEE-79BD-4B80-8E89-722553BD6BDD}.Release|Win32.Build.0 = Release|Win32
		{CFD33AEE-79BD-4B80-8E89-722553BD6BDD}.Release|x64.ActiveCfg = Release|x64
		{CFD33AEE-79BD-4B80-8E89-722553BD6BDD}.Release|x64.Build.0 = Release|x64
		{CFD33AEE-79BD-4B80-8E89-722553BD6BDD}.Release|x86.ActiveCfg = Release|Win32
		{CFD33AEE-79BD-4B80-8E89-722553BD6BDD}.Release|x86.Build.0 = Release|Win32
		{CFD33AEE-79BD-4B80-8E89-722553BD6BDD}.RelWithDebInfo|Mixed Platforms.ActiveCfg = Release|Win32
		{CFD33AEE-79BD-4B80-8E89-722553BD6BDD}.RelWithDebInfo|Mixed Platforms.Build.0 = Release|Win32
		{CFD33AEE-79BD-4B80-8E89-722553BD6BDD}.RelWithDebInfo|Win32.ActiveCfg = Release|Win32
		{CFD33AEE-79BD-4B80-8E89-722553BD6BDD}.RelWithDebInfo|Win32.Build.0 = Release|Win32
		{CFD33AEE-79BD-4B80-8E89-722553BD6BDD}.RelWithDebInfo|x64.ActiveCfg = Release|x64
		{CFD33AEE-79BD-4B80-8E89-722553BD6BDD}.RelWithDebInfo|x64.Build.0 = Release|x64
		{CFD33AEE-79BD-4B80-8E89-722553BD6BDD}.RelWithDebInfo|x86.ActiveCfg = Release|Win32
		{CFD33AEE-79BD-4B80-8E89-722553BD6BDD}.RelWithDebInfo|x86.Build.0 = Release|Win32
		{2C99C6F9-FF85-47DB-9224-8C4822653657}.Debug|Mixed Platforms.ActiveCfg = Debug|Win32
		{2C99C6F9-FF85-47DB-9224-8C4822653657}.Debug|Mixed Platforms.Build.0 = Debug|Win32
		{2C99C6F9-FF85-47DB-9224-8C4822653657}.Debug|Win32.ActiveCfg = Debug|Win32
		{2C99C6F9-FF85-47DB-9224-8C4822653657}.Debug|Win32.Build.0 = Debug|Win32
		{2C99C6F9-FF85-47DB-9224-8C4822653657}.Debug|x64.ActiveCfg = Debug|x64
		{2C99C6F9-FF85-47DB-9224-8C4822653657}.Debug|x64.Build.0 = Debug|x64
		{2C99C6F9-FF85-47DB-9224-8C4822653657}.Debug|x86.ActiveCfg = Debug|Win32
		{2C99C6F9-FF85-47DB-9224-8C4822653657}.Debug|x86.Build.0 = Debug|Win32
		{2C99C6F9-FF85-47DB-9224-8C4822653657}.DLL-Import Debug|Mixed Platforms.ActiveCfg = Debug|Win32
		{2C99C6F9-FF85-47DB-9224-8C4822653657}.DLL-Import Debug|Win32.ActiveCfg = Debug|Win32
		{2C99C6F9-FF85-47DB-9224-8C4822653657}.DLL-Import Debug|x64.ActiveCfg = Debug|x64
		{2C99C6F9-FF85-47DB-9224-8C4822653657}.DLL-Import Debug|x86.ActiveCfg = Debug|Win32
		{2C99C6F9-FF85-47DB-9224-8C4822653657}.DLL-Import Release|Mixed Platforms.ActiveCfg = Release|Win32
		{2C99C6F9-FF85-47DB-9224-8C4822653657}.DLL-Import Release|Win32.ActiveCfg = Release|Win32
		{2C99C6F9-FF85-47DB-9224-8C4822653657}.DLL-Import Release|x64.ActiveCfg = Release|x64
		{2C99C6F9-FF85-47DB-9224-8C4822653657}.DLL-Import Release|x86.ActiveCfg = Release|Win32
		{2C99C6F9-FF85-47DB-9224-8C4822653657}.MinSizeRel|Mixed Platforms.ActiveCfg = Release|Win32
		{2C99C6F9-FF85-47DB-9224-8C4822653657}.MinSizeRel|Mixed Platforms.Build.0 = Release|Win32
		{2C99C6F9-FF85-47DB-9224-8C4822653657}.MinSizeRel|Win32.ActiveCfg = Release|Win32
		{2C99C6F9-FF85-47DB-9224-8C4822653657}.MinSizeRel|Win32.Build.0 = Release|Win32
		{2C99C6F9-FF85-47DB-9224-8C4822653657}.MinSizeRel|x64.ActiveCfg = Release|x64
		{2C99C6F9-FF85-47DB-9224-8C4822653657}.MinSizeRel|x64.Build.0 = Release|x64
		{2C99C6F9-FF85-47DB-9224-8C4822653657}.MinSizeRel|x86.ActiveCfg = Release|Win32
		{2C99C6F9-FF85-47DB-9224-8C4822653657}.MinSizeRel|x86.Build.0 = Release|Win32
		{2C99C6F9-FF85-47DB-9224-8C4822653657}.Release|Mixed Platforms.ActiveCfg = Release|Win32
		{2C99C6F9-FF85-47DB-9224-8C4822653657}.Release|Mixed Platforms.Build.0 = Release|Win32
		{2C99C6F9-FF85-47DB-9224-8C4822653657}.Release|Win32.ActiveCfg = Release|Win32
		{2C99C6F9-FF85-47DB-9224-8C4822653657}.Release|Win32.Build.0 = Release|Win32
		{2C99C6F9-FF85-47DB-9224-8C4822653657}.Release|x64.ActiveCfg = Release|x64
		{2C99C6F9-FF85-47DB-9224-8C4822653657}.Release|x64.Build.0 = Release|x64
		{2C99C6F9-FF85-47DB-9224-8C4822653657}.Release|x86.ActiveCfg = Release|Win32
		{2C99C6F9-FF85-47DB-9224-8C4822653657}.Release|x86.Build.0 = Release|Win32
		{2C99C6F9-FF85-47DB-9224-8C4822653657}.RelWithDebInfo|Mixed Platforms.ActiveCfg = Release|Win32
		{2C99C6F9-FF85-47DB-9224-8C4822653657}.RelWithDebInfo|Mixed Platforms.Build.0 = Release|Win32
		{2C99C6F9-FF85-47DB-9224-8C4822653657}.RelWithDebInfo|Win32.ActiveCfg = Release|Win32
		{2C99C6F9-FF85-47DB-9224-8C4822653657}.RelWithDebInfo|Win32.Build.0 = Release|Win32
		{2C99C6F9-FF85-47DB-9224-8C4822653657}.RelWithDebInfo|x64.ActiveCfg = Release|x64
		{2C99C6F9-FF85-47DB-9224-8C4822653657}.RelWithDebInfo|x64.Build.0 = Release|x64
		{2C99C6F9-FF85-47DB-9224-8C4822653657}.RelWithDebInfo|x86.ActiveCfg = Release|Win32
		{2C99C6F9-FF85-47DB-9224-8C4822653657}.RelWithDebInfo|x86.Build.0 = Release|Win32
		{A6E12632-DB8B-414D-A150-FB03A6CCA4AC}.Debug|Mixed Platforms.ActiveCfg = Debug|Win32
		{A6E12632-DB8B-414D-A150-FB03A6CCA4AC}.Debug|Mixed Platforms.Build.0 = Debug|Win32
		{A6E12632-DB8B-414D-A150-FB03A6CCA4AC}.Debug|Win32.ActiveCfg = Debug|Win32
		{A6E12632-DB8B-414D-A150-FB03A6CCA4AC}.Debug|Win32.Build.0 = Debug|Win32
		{A6E12632-DB8B-414D-A150-FB03A6CCA4AC}.Debug|x64.ActiveCfg = Debug|x64
		{A6E12632-DB8B-414D-A150-FB03A6CCA4AC}.Debug|x64.Build.0 = Debug|x64
		{A6E12632-DB8B-414D-A150-FB03A6CCA4AC}.Debug|x86.ActiveCfg = Debug|Win32
		{A6E12632-DB8B-414D-A150-FB03A6CCA4AC}.Debug|x86.Build.0 = Debug|Win32
		{A6E12632-DB8B-414D-A150-FB03A6CCA4AC}.DLL-Import Debug|Mixed Platforms.ActiveCfg = Debug|Win32
		{A6E12632-DB8B-414D-A150-FB03A6CCA4AC}.DLL-Import Debug|Win32.ActiveCfg = Debug|Win32
		{A6E12632-DB8B-414D-A150-FB03A6CCA4AC}.DLL-Import Debug|x64.ActiveCfg = Debug|x64
		{A6E12632-DB8B-414D-A150-FB03A6CCA4AC}.DLL-Import Debug|x86.ActiveCfg = Debug|Win32
		{A6E12632-DB8B-414D-A150-FB03A6CCA4AC}.DLL-Import Release|Mixed Platforms.ActiveCfg = Release|Win32
		{A6E12632-DB8B-414D-A150-FB03A6CCA4AC}.DLL-Import Release|Win32.ActiveCfg = Release|Win32
		{A6E12632-DB8B-414D-A150-FB03A6CCA4AC}.DLL-Import Release|x64.ActiveCfg = Release|x64
		{A6E12632-DB8B-414D-A150-FB03A6CCA4AC}.DLL-Import Release|x86.ActiveCfg = Release|Win32
		{A6E12632-DB8B-414D-A150-FB03A6CCA4AC}.MinSizeRel|Mixed Platforms.ActiveCfg = Release|Win32
		{A6E12632-DB8B-414D-A150-FB03A6CCA4AC}.MinSizeRel|Mixed Platforms.Build.0 = Release|Win32
		{A6E12632-DB8B-414D-A150-FB03A6CCA4AC}.MinSizeRel|Win32.ActiveCfg = Release|Win32
		{A6E12632-DB8B-414D-A150-FB03A6CCA4AC}.MinSizeRel|Win32.Build.0 = Release|Win32
		{A6E12632-DB8B-414D-A150-FB03A6CCA4AC}.MinSizeRel|x64.ActiveCfg = Release|x64
		{A6E12632-DB8B-414D-A150-FB03A6CCA4AC}.MinSizeRel|x64.Build.0 = Release|x64
		{A6E12632-DB8B-414D-A150-FB03A6CCA4AC}.MinSizeRel|x86.ActiveCfg = Release|Win32
		{A6E12632-DB8B-414D-A150-FB03A6CCA4AC}.MinSizeRel|x86.Build.0 = Release|Win32
		{A6E12632-DB8B-414D-A150-FB03A6CCA4AC}.Release|Mixed Platforms.ActiveCfg = Release|Win32
		{A6E12632-DB8B-414D-A150-FB03A6CCA4AC}.Release|Mixed Platforms.Build.0 = Release|Win32
		{A6E12632-DB8B-414D-A150-FB03A6CCA4AC}.Release|Win32.ActiveCfg = Release|Win32
		{A6E12632-DB8B-414D-A150-FB03A6CCA4AC}.Release|Win32.Build.0 = Release|Win32
		{A6E12632-DB8B-414D-A150-FB03A6CCA4AC}.Release|x64.ActiveCfg = Release|x64
		{A6E12632-DB8B-414D-A150-FB03A6CCA4AC}.Release|x64.Build.0 = Release|x64
		{A6E12632-DB8B-414D-A150-FB03A6CCA4AC}.Release|x86.ActiveCfg = Release|Win32
		{A6E12632-DB8B-414D-A150-FB03A6CCA4AC}.Release|x86.Build.0 = Release|Win32
		{A6E12632-DB8B-414D-A150-FB03A6CCA4AC}.RelWithDebInfo|Mixed Platforms.ActiveCfg = Release|Win32
		{A6E12632-DB8B-414D-A150-FB03A6CCA4AC}.RelWithDebInfo|Mixed Platforms.Build.0 = Release|Win32
		{A6E12632-DB8B-414D-A150-FB03A6CCA4AC}.RelWithDebInfo|Win32.ActiveCfg = Release|Win32
		{A6E12632-DB8B-414D-A150-FB03A6CCA4AC}.RelWithDebInfo|Win32.Build.0 = Release|Win32
		{A6E12632-DB8B-414D-A150-FB03A6CCA4AC}.RelWithDebInfo|x64.ActiveCfg = Release|x64
		{A6E12632-DB8B-414D-A150-FB03A6CCA4AC}.RelWithDebInfo|x64.Build.0 = Release|x64
		{A6E12632-DB8B-414D-A150-FB03A6CCA4AC}.RelWithDebInfo|x86.ActiveCfg = Release|Win32
		{A6E12632-DB8B-414D-A150-FB03A6CCA4AC}.RelWithDebInfo|x86.Build.0 = Release|Win32
		{5A93558F-CA42-4D10-BCEF-0F4FAA246160}.Debug|Mixed Platforms.ActiveCfg = Debug|Win32
		{5A93558F-CA42-4D10-BCEF-0F4FAA246160}.Debug|Mixed Platforms.Build.0 = Debug|Win32
		{5A93558F-CA42-4D10-BCEF-0F4FAA246160}.Debug|Win32.ActiveCfg = Debug|Win32
		{5A93558F-CA42-4D10-BCEF-0F4FAA246160}.Debug|Win32.Build.0 = Debug|Win32
		{5A93558F-CA42-4D10-BCEF-0F4FAA246160}.Debug|x64.ActiveCfg = Debug|x64
		{5A93558F-CA42-4D10-BCEF-0F4FAA246160}.Debug|x64.Build.0 = Debug|x64
		{5A93558F-CA42-4D10-BCEF-0F4FAA246160}.Debug|x86.ActiveCfg = Debug|Win32
		{5A93558F-CA42-4D10-BCEF-0F4FAA246160}.Debug|x86.Build.0 = Debug|Win32
		{5A93558F-CA42-4D10-BCEF-0F4FAA246160}.DLL-Import Debug|Mixed Platforms.ActiveCfg = Debug|Win32
		{5A93558F-CA42-4D10-BCEF-0F4FAA246160}.DLL-Import Debug|Win32.ActiveCfg = Debug|Win32
		{5A93558F-CA42-4D10-BCEF-0F4FAA246160}.DLL-Import Debug|x64.ActiveCfg = Debug|x64
		{5A93558F-CA42-4D10-BCEF-0F4FAA246160}.DLL-Import Debug|x86.ActiveCfg = Debug|Win32
		{5A93558F-CA42-4D10-BCEF-0F4FAA246160}.DLL-Import Release|Mixed Platforms.ActiveCfg = Release|Win32
		{5A93558F-CA42-4D10-BCEF-0F4FAA246160}.DLL-Import Release|Win32.ActiveCfg = Release|Win32
		{5A93558F-CA42-4D10-BCEF-0F4FAA246160}.DLL-Import Release|x64.ActiveCfg = Release|x64
		{5A93558F-CA42-4D10-BCEF-0F4FAA246160}.DLL-Import Release|x86.ActiveCfg = Release|Win32
		{5A93558F-CA42-4D10-BCEF-0F4FAA246160}.MinSizeRel|Mixed Platforms.ActiveCfg = Release|Win32
		{5A93558F-CA42-4D10-BCEF-0F4FAA246160}.MinSizeRel|Mixed Platforms.Build.0 = Release|Win32
		{5A93558F-CA42-4D10-BCEF-0F4FAA246160}.MinSizeRel|Win32.ActiveCfg = Release|Win32
		{5A93558F-CA42-4D10-BCEF-0F4FAA246160}.MinSizeRel|Win32.Build.0 = Release|Win32
		{5A93558F-CA42-4D10-BCEF-0F4FAA246160}.MinSizeRel|x64.ActiveCfg = Release|x64
		{5A93558F-CA42-4D10-BCEF-0F4FAA246160}.MinSizeRel|x64.Build.0 = Release|x64
		{5A93558F-CA42-4D10-BCEF-0F4FAA246160}.MinSizeRel|x86.ActiveCfg = Release|Win32
		{5A93558F-CA42-4D10-BCEF-0F4FAA246160}.MinSizeRel|x86.Build.0 = Release|Win32
		{5A93558F-CA42-4D10-BCEF-0F4FAA246160}.Release|Mixed Platforms.ActiveCfg = Release|Win32
		{5A93558F-CA42-4D10-BCEF-0F4FAA246160}.Release|Mixed Platforms.Build.0 = Release|Win32
		{5A93558F-CA42-4D10-BCEF-0F4FAA246160}.Release|Win32.ActiveCfg = Release|Win32
		{5A93558F-CA42-4D10-BCEF-0F4FAA246160}.Release|Win32.Build.0 = Release|Win32
		{5A93558F-CA42-4D10-BCEF-0F4FAA246160}.Release|x64.ActiveCfg = Release|x64
		{5A93558F-CA42-4D10-BCEF-0F4FAA246160}.Release|x64.Build.0 = Release|x64
		{5A93558F-CA42-4D10-BCEF-0F4FAA246160}.Release|x86.ActiveCfg = Release|Win32
		{5A93558F-CA42-4D10-BCEF-0F4FAA246160}.Release|x86.Build.0 = Release|Win32
		{5A93558F-CA42-4D10-BCEF-0F4FAA246160}.RelWithDebInfo|Mixed Platforms.ActiveCfg = Release|Win32
		{5A93558F-CA42-4D10-BCEF-0F4FAA246160}.RelWithDebInfo|Mixed Platforms.Build.0 = Release|Win32
		{5A93558F-CA42-4D10-BCEF-0F4FAA246160}.RelWithDebInfo|Win32.ActiveCfg = Release|Win32
		{5A93558F-CA42-4D10-BCEF-0F4FAA246160}.RelWithDebInfo|Win32.Build.0 = Release|Win32
		{5A93558F-CA42-4D10-BCEF-0F4FAA246160}.RelWithDebInfo|x64.ActiveCfg = Release|x64
		{5A93558F-CA42-4D10-BCEF-0F4FAA246160}.RelWithDebInfo|x64.Build.0 = Release|x64
		{5A93558F-CA42-4D10-BCEF-0F4FAA246160}.RelWithDebInfo|x86.ActiveCfg = Release|Win32
		{5A93558F-CA42-4D10-BCEF-0F4FAA246160}.RelWithDebInfo|x86.Build.0 = Release|Win32
		{E7142BDE-8AD4-4493-A481-D54A1A0C826B}.Debug|Mixed Platforms.ActiveCfg = Debug|Win32
		{E7142BDE-8AD4-4493-A481-D54A1A0C826B}.Debug|Mixed Platforms.Build.0 = Debug|Win32
		{E7142BDE-8AD4-4493-A481-D54A1A0C826B}.Debug|Win32.ActiveCfg = Debug|Win32
		{E7142BDE-8AD4-4493-A481-D54A1A0C826B}.Debug|Win32.Build.0 = Debug|Win32
		{E7142BDE-8AD4-4493-A481-D54A1A0C826B}.Debug|x64.ActiveCfg = Debug|x64
		{E7142BDE-8AD4-4493-A481-D54A1A0C826B}.Debug|x64.Build.0 = Debug|x64
		{E7142BDE-8AD4-4493-A481-D54A1A0C826B}.Debug|x86.ActiveCfg = Debug|Win32
		{E7142BDE-8AD4-4493-A481-D54A1A0C826B}.Debug|x86.Build.0 = Debug|Win32
		{E7142BDE-8AD4-4493-A481-D54A1A0C826B}.DLL-Import Debug|Mixed Platforms.ActiveCfg = Debug|Win32
		{E7142BDE-8AD4-4493-A481-D54A1A0C826B}.DLL-Import Debug|Win32.ActiveCfg = Debug|Win32
		{E7142BDE-8AD4-4493-A481-D54A1A0C826B}.DLL-Import Debug|x64.ActiveCfg = Debug|x64
		{E7142BDE-8AD4-4493-A481-D54A1A0C826B}.DLL-Import Debug|x86.ActiveCfg = Debug|Win32
		{E7142BDE-8AD4-4493-A481-D54A1A0C826B}.DLL-Import Release|Mixed Platforms.ActiveCfg = Release|Win32
		{E7142BDE-8AD4-4493-A481-D54A1A0C826B}.DLL-Import Release|Win32.ActiveCfg = Release|Win32
		{E7142BDE-8AD4-4493-A481-D54A1A0C826B}.DLL-Import Release|x64.ActiveCfg = Release|x64
		{E7142BDE-8AD4-4493-A481-D54A1A0C826B}.DLL-Import Release|x86.ActiveCfg = Release|Win32
		{E7142BDE-8AD4-4493-A481-D54A1A0C826B}.MinSizeRel|Mixed Platforms.ActiveCfg = Release|Win32
		{E7142BDE-8AD4-4493-A481-D54A1A0C826B}.MinSizeRel|Mixed Platforms.Build.0 = Release|Win32
		{E7142BDE-8AD4-4493-A481-D54A1A0C826B}.MinSizeRel|Win32.ActiveCfg = Release|Win32
		{E7142BDE-8AD4-4493-A481-D54A1A0C826B}.MinSizeRel|Win32.Build.0 = Release|Win32
		{E7142BDE-8AD4-4493-A481-D54A1A0C826B}.MinSizeRel|x64.ActiveCfg = Release|x64
		{E7142BDE-8AD4-4493-A481-D54A1A0C826B}.MinSizeRel|x64.Build.0 = Release|x64
		{E7142BDE-8AD4-4493-A481-D54A1A0C826B}.MinSizeRel|x86.ActiveCfg = Release|Win32
		{E7142BDE-8AD4-4493-A481-D54A1A0C826B}.MinSizeRel|x86.Build.0 = Release|Win32
		{E7142BDE-8AD4-4493-A481-D54A1A0C826B}.Release|Mixed Platforms.ActiveCfg = Release|Win32
		{E7142BDE-8AD4-4493-A481-D54A1A0C826B}.Release|Mixed Platforms.Build.0 = Release|Win32
		{E7142BDE-8AD4-4493-A481-D54A1A0C826B}.Release|Win32.ActiveCfg = Release|Win32
		{E7142BDE-8AD4-4493-A481-D54A1A0C826B}.Release|Win32.Build.0 = Release|Win32
		{E7142BDE-8AD4-4493-A481-D54A1A0C826B}.Release|x64.ActiveCfg = Release|x64
		{E7142BDE-8AD4-4493-A481-D54A1A0C826B}.Release|x64.Build.0 = Release|x64
		{E7142BDE-8AD4-4493-A481-D54A1A0C826B}.Release|x86.ActiveCfg = Release|Win32
		{E7142BDE-8AD4-4493-A481-D54A1A0C826B}.Release|x86.Build.0 = Release|Win32
		{E7142BDE-8AD4-4493-A481-D54A1A0C826B}.RelWithDebInfo|Mixed Platforms.ActiveCfg = Release|Win32
		{E7142BDE-8AD4-4493-A481-D54A1A0C826B}.RelWithDebInfo|Mixed Platforms.Build.0 = Release|Win32
		{E7142BDE-8AD4-4493-A481-D54A1A0C826B}.RelWithDebInfo|Win32.ActiveCfg = Release|Win32
		{E7142BDE-8AD4-4493-A481-D54A1A0C826B}.RelWithDebInfo|Win32.Build.0 = Release|Win32
		{E7142BDE-8AD4-4493-A481-D54A1A0C826B}.RelWithDebInfo|x64.ActiveCfg = Release|x64
		{E7142BDE-8AD4-4493-A481-D54A1A0C826B}.RelWithDebInfo|x64.Build.0 = Release|x64
		{E7142BDE-8AD4-4493-A481-D54A1A0C826B}.RelWithDebInfo|x86.ActiveCfg = Release|Win32
		{E7142BDE-8AD4-4493-A481-D54A1A0C826B}.RelWithDebInfo|x86.Build.0 = Release|Win32
		{C696E3B0-EE79-4CE4-B7FF-73F000F1A200}.Debug|Mixed Platforms.ActiveCfg = Debug|Win32
		{C696E3B0-EE79-4CE4-B7FF-73F000F1A200}.Debug|Mixed Platforms.Build.0 = Debug|Win32
		{C696E3B0-EE79-4CE4-B7FF-73F000F1A200}.Debug|Win32.ActiveCfg = Debug|Win32
		{C696E3B0-EE79-4CE4-B7FF-73F000F1A200}.Debug|Win32.Build.0 = Debug|Win32
		{C696E3B0-EE79-4CE4-B7FF-73F000F1A200}.Debug|x64.ActiveCfg = Debug|Win32
		{C696E3B0-EE79-4CE4-B7FF-73F000F1A200}.Debug|x86.ActiveCfg = Debug|Win32
		{C696E3B0-EE79-4CE4-B7FF-73F000F1A200}.Debug|x86.Build.0 = Debug|Win32
		{C696E3B0-EE79-4CE4-B7FF-73F000F1A200}.DLL-Import Debug|Mixed Platforms.ActiveCfg = Debug|Win32
		{C696E3B0-EE79-4CE4-B7FF-73F000F1A200}.DLL-Import Debug|Mixed Platforms.Build.0 = Debug|Win32
		{C696E3B0-EE79-4CE4-B7FF-73F000F1A200}.DLL-Import Debug|Win32.ActiveCfg = Debug|Win32
		{C696E3B0-EE79-4CE4-B7FF-73F000F1A200}.DLL-Import Debug|Win32.Build.0 = Debug|Win32
		{C696E3B0-EE79-4CE4-B7FF-73F000F1A200}.DLL-Import Debug|x64.ActiveCfg = Debug|Win32
		{C696E3B0-EE79-4CE4-B7FF-73F000F1A200}.DLL-Import Debug|x86.ActiveCfg = Debug|Win32
		{C696E3B0-EE79-4CE4-B7FF-73F000F1A200}.DLL-Import Debug|x86.Build.0 = Debug|Win32
		{C696E3B0-EE79-4CE4-B7FF-73F000F1A200}.DLL-Import Release|Mixed Platforms.ActiveCfg = Release|Win32
		{C696E3B0-EE79-4CE4-B7FF-73F000F1A200}.DLL-Import Release|Mixed Platforms.Build.0 = Release|Win32
		{C696E3B0-EE79-4CE4-B7FF-73F000F1A200}.DLL-Import Release|Win32.ActiveCfg = Release|Win32
		{C696E3B0-EE79-4CE4-B7FF-73F000F1A200}.DLL-Import Release|Win32.Build.0 = Release|Win32
		{C696E3B0-EE79-4CE4-B7FF-73F000F1A200}.DLL-Import Release|x64.ActiveCfg = Release|Win32
		{C696E3B0-EE79-4CE4-B7FF-73F000F1A200}.DLL-Import Release|x86.ActiveCfg = Release|Win32
		{C696E3B0-EE79-4CE4-B7FF-73F000F1A200}.DLL-Import Release|x86.Build.0 = Release|Win32
		{C696E3B0-EE79-4CE4-B7FF-73F000F1A200}.MinSizeRel|Mixed Platforms.ActiveCfg = Release|Win32
		{C696E3B0-EE79-4CE4-B7FF-73F000F1A200}.MinSizeRel|Mixed Platforms.Build.0 = Release|Win32
		{C696E3B0-EE79-4CE4-B7FF-73F000F1A200}.MinSizeRel|Win32.ActiveCfg = Release|Win32
		{C696E3B0-EE79-4CE4-B7FF-73F000F1A200}.MinSizeRel|Win32.Build.0 = Release|Win32
		{C696E3B0-EE79-4CE4-B7FF-73F000F1A200}.MinSizeRel|x64.ActiveCfg = Release|Win32
		{C696E3B0-EE79-4CE4-B7FF-73F000F1A200}.MinSizeRel|x64.Build.0 = Release|Win32
		{C696E3B0-EE79-4CE4-B7FF-73F000F1A200}.MinSizeRel|x86.ActiveCfg = Release|Win32
		{C696E3B0-EE79-4CE4-B7FF-73F000F1A200}.MinSizeRel|x86.Build.0 = Release|Win32
		{C696E3B0-EE79-4CE4-B7FF-73F000F1A200}.Release|Mixed Platforms.ActiveCfg = Release|Win32
		{C696E3B0-EE79-4CE4-B7FF-73F000F1A200}.Release|Mixed Platforms.Build.0 = Release|Win32
		{C696E3B0-EE79-4CE4-B7FF-73F000F1A200}.Release|Win32.ActiveCfg = Release|Win32
		{C696E3B0-EE79-4CE4-B7FF-73F000F1A200}.Release|Win32.Build.0 = Release|Win32
		{C696E3B0-EE79-4CE4-B7FF-73F000F1A200}.Release|x64.ActiveCfg = Release|Win32
		{C696E3B0-EE79-4CE4-B7FF-73F000F1A200}.Release|x86.ActiveCfg = Release|Win32
		{C696E3B0-EE79-4CE4-B7FF-73F000F1A200}.Release|x86.Build.0 = Release|Win32
		{C696E3B0-EE79-4CE4-B7FF-73F000F1A200}.RelWithDebInfo|Mixed Platforms.ActiveCfg = Release|Win32
		{C696E3B0-EE79-4CE4-B7FF-73F000F1A200}.RelWithDebInfo|Mixed Platforms.Build.0 = Release|Win32
		{C696E3B0-EE79-4CE4-B7FF-73F000F1A200}.RelWithDebInfo|Win32.ActiveCfg = Release|Win32
		{C696E3B0-EE79-4CE4-B7FF-73F000F1A200}.RelWithDebInfo|Win32.Build.0 = Release|Win32
		{C696E3B0-EE79-4CE4-B7FF-73F000F1A200}.RelWithDebInfo|x64.ActiveCfg = Release|Win32
		{C696E3B0-EE79-4CE4-B7FF-73F000F1A200}.RelWithDebInfo|x64.Build.0 = Release|Win32
		{C696E3B0-EE79-4CE4-B7FF-73F000F1A200}.RelWithDebInfo|x86.ActiveCfg = Release|Win32
		{C696E3B0-EE79-4CE4-B7FF-73F000F1A200}.RelWithDebInfo|x86.Build.0 = Release|Win32
		{28344E32-E503-4267-BE4E-DE976D89F9EF}.Debug|Mixed Platforms.ActiveCfg = Debug|Win32
		{28344E32-E503-4267-BE4E-DE976D89F9EF}.Debug|Mixed Platforms.Build.0 = Debug|Win32
		{28344E32-E503-4267-BE4E-DE976D89F9EF}.Debug|Win32.ActiveCfg = Debug|Win32
		{28344E32-E503-4267-BE4E-DE976D89F9EF}.Debug|Win32.Build.0 = Debug|Win32
		{28344E32-E503-4267-BE4E-DE976D89F9EF}.Debug|x64.ActiveCfg = Debug|Win32
		{28344E32-E503-4267-BE4E-DE976D89F9EF}.Debug|x86.ActiveCfg = Debug|Win32
		{28344E32-E503-4267-BE4E-DE976D89F9EF}.Debug|x86.Build.0 = Debug|Win32
		{28344E32-E503-4267-BE4E-DE976D89F9EF}.DLL-Import Debug|Mixed Platforms.ActiveCfg = Debug|Win32
		{28344E32-E503-4267-BE4E-DE976D89F9EF}.DLL-Import Debug|Mixed Platforms.Build.0 = Debug|Win32
		{28344E32-E503-4267-BE4E-DE976D89F9EF}.DLL-Import Debug|Win32.ActiveCfg = Debug|Win32
		{28344E32-E503-4267-BE4E-DE976D89F9EF}.DLL-Import Debug|Win32.Build.0 = Debug|Win32
		{28344E32-E503-4267-BE4E-DE976D89F9EF}.DLL-Import Debug|x64.ActiveCfg = Debug|Win32
		{28344E32-E503-4267-BE4E-DE976D89F9EF}.DLL-Import Debug|x86.ActiveCfg = Debug|Win32
		{28344E32-E503-4267-BE4E-DE976D89F9EF}.DLL-Import Debug|x86.Build.0 = Debug|Win32
		{28344E32-E503-4267-BE4E-DE976D89F9EF}.DLL-Import Release|Mixed Platforms.ActiveCfg = Release|Win32
		{28344E32-E503-4267-BE4E-DE976D89F9EF}.DLL-Import Release|Mixed Platforms.Build.0 = Release|Win32
		{28344E32-E503-4267-BE4E-DE976D89F9EF}.DLL-Import Release|Win32.ActiveCfg = Release|Win32
		{28344E32-E503-4267-BE4E-DE976D89F9EF}.DLL-Import Release|Win32.Build.0 = Release|Win32
		{28344E32-E503-4267-BE4E-DE976D89F9EF}.DLL-Import Release|x64.ActiveCfg = Release|Win32
		{28344E32-E503-4267-BE4E-DE976D89F9EF}.DLL-Import Release|x86.ActiveCfg = Release|Win32
		{28344E32-E503-4267-BE4E-DE976D89F9EF}.DLL-Import Release|x86.Build.0 = Release|Win32
		{28344E32-E503-4267-BE4E-DE976D89F9EF}.MinSizeRel|Mixed Platforms.ActiveCfg = Release|Win32
		{28344E32-E503-4267-BE4E-DE976D89F9EF}.MinSizeRel|Mixed Platforms.Build.0 = Release|Win32
		{28344E32-E503-4267-BE4E-DE976D89F9EF}.MinSizeRel|Win32.ActiveCfg = Release|Win32
		{28344E32-E503-4267-BE4E-DE976D89F9EF}.MinSizeRel|Win32.Build.0 = Release|Win32
		{28344E32-E503-4267-BE4E-DE976D89F9EF}.MinSizeRel|x64.ActiveCfg = Release|Win32
		{28344E32-E503-4267-BE4E-DE976D89F9EF}.MinSizeRel|x64.Build.0 = Release|Win32
		{28344E32-E503-4267-BE4E-DE976D89F9EF}.MinSizeRel|x86.ActiveCfg = Release|Win32
		{28344E32-E503-4267-BE4E-DE976D89F9EF}.MinSizeRel|x86.Build.0 = Release|Win32
		{28344E32-E503-4267-BE4E-DE976D89F9EF}.Release|Mixed Platforms.ActiveCfg = Release|Win32
		{28344E32-E503-4267-BE4E-DE976D89F9EF}.Release|Mixed Platforms.Build.0 = Release|Win32
		{28344E32-E503-4267-BE4E-DE976D89F9EF}.Release|Win32.ActiveCfg = Release|Win32
		{28344E32-E503-4267-BE4E-DE976D89F9EF}.Release|Win32.Build.0 = Release|Win32
		{28344E32-E503-4267-BE4E-DE976D89F9EF}.Release|x64.ActiveCfg = Release|Win32
		{28344E32-E503-4267-BE4E-DE976D89F9EF}.Release|x86.ActiveCfg = Release|Win32
		{28344E32-E503-4267-BE4E-DE976D89F9EF}.Release|x86.Build.0 = Release|Win32
		{28344E32-E503-4267-BE4E-DE976D89F9EF}.RelWithDebInfo|Mixed Platforms.ActiveCfg = Release|Win32
		{28344E32-E503-4267-BE4E-DE976D89F9EF}.RelWithDebInfo|Mixed Platforms.Build.0 = Release|Win32
		{28344E32-E503-4267-BE4E-DE976D89F9EF}.RelWithDebInfo|Win32.ActiveCfg = Release|Win32
		{28344E32-E503-4267-BE4E-DE976D89F9EF}.RelWithDebInfo|Win32.Build.0 = Release|Win32
		{28344E32-E503-4267-BE4E-DE976D89F9EF}.RelWithDebInfo|x64.ActiveCfg = Release|Win32
		{28344E32-E503-4267-BE4E-DE976D89F9EF}.RelWithDebInfo|x64.Build.0 = Release|Win32
		{28344E32-E503-4267-BE4E-DE976D89F9EF}.RelWithDebInfo|x86.ActiveCfg = Release|Win32
		{28344E32-E503-4267-BE4E-DE976D89F9EF}.RelWithDebInfo|x86.Build.0 = Release|Win32
		{40BD52BB-5106-43B8-AD92-21BFD9343619}.Debug|Mixed Platforms.ActiveCfg = Debug|Win32
		{40BD52BB-5106-43B8-AD92-21BFD9343619}.Debug|Mixed Platforms.Build.0 = Debug|Win32
		{40BD52BB-5106-43B8-AD92-21BFD9343619}.Debug|Win32.ActiveCfg = Debug|Win32
		{40BD52BB-5106-43B8-AD92-21BFD9343619}.Debug|Win32.Build.0 = Debug|Win32
		{40BD52BB-5106-43B8-AD92-21BFD9343619}.Debug|x64.ActiveCfg = Debug|Win32
		{40BD52BB-5106-43B8-AD92-21BFD9343619}.Debug|x86.ActiveCfg = Debug|Win32
		{40BD52BB-5106-43B8-AD92-21BFD9343619}.Debug|x86.Build.0 = Debug|Win32
		{40BD52BB-5106-43B8-AD92-21BFD9343619}.DLL-Import Debug|Mixed Platforms.ActiveCfg = Debug|Win32
		{40BD52BB-5106-43B8-AD92-21BFD9343619}.DLL-Import Debug|Mixed Platforms.Build.0 = Debug|Win32
		{40BD52BB-5106-43B8-AD92-21BFD9343619}.DLL-Import Debug|Win32.ActiveCfg = Debug|Win32
		{40BD52BB-5106-43B8-AD92-21BFD9343619}.DLL-Import Debug|Win32.Build.0 = Debug|Win32
		{40BD52BB-5106-43B8-AD92-21BFD9343619}.DLL-Import Debug|x64.ActiveCfg = Debug|Win32
		{40BD52BB-5106-43B8-AD92-21BFD9343619}.DLL-Import Debug|x86.ActiveCfg = Debug|Win32
		{40BD52BB-5106-43B8-AD92-21BFD9343619}.DLL-Import Debug|x86.Build.0 = Debug|Win32
		{40BD52BB-5106-43B8-AD92-21BFD9343619}.DLL-Import Release|Mixed Platforms.ActiveCfg = Release|Win32
		{40BD52BB-5106-43B8-AD92-21BFD9343619}.DLL-Import Release|Mixed Platforms.Build.0 = Release|Win32
		{40BD52BB-5106-43B8-AD92-21BFD9343619}.DLL-Import Release|Win32.ActiveCfg = Release|Win32
		{40BD52BB-5106-43B8-AD92-21BFD9343619}.DLL-Import Release|Win32.Build.0 = Release|Win32
		{40BD52BB-5106-43B8-AD92-21BFD9343619}.DLL-Import Release|x64.ActiveCfg = Release|Win32
		{40BD52BB-5106-43B8-AD92-21BFD9343619}.DLL-Import Release|x86.ActiveCfg = Release|Win32
		{40BD52BB-5106-43B8-AD92-21BFD9343619}.DLL-Import Release|x86.Build.0 = Release|Win32
		{40BD52BB-5106-43B8-AD92-21BFD9343619}.MinSizeRel|Mixed Platforms.ActiveCfg = Release|Win32
		{40BD52BB-5106-43B8-AD92-21BFD9343619}.MinSizeRel|Mixed Platforms.Build.0 = Release|Win32
		{40BD52BB-5106-43B8-AD92-21BFD9343619}.MinSizeRel|Win32.ActiveCfg = Release|Win32
		{40BD52BB-5106-43B8-AD92-21BFD9343619}.MinSizeRel|Win32.Build.0 = Release|Win32
		{40BD52BB-5106-43B8-AD92-21BFD9343619}.MinSizeRel|x64.ActiveCfg = Release|Win32
		{40BD52BB-5106-43B8-AD92-21BFD9343619}.MinSizeRel|x64.Build.0 = Release|Win32
		{40BD52BB-5106-43B8-AD92-21BFD9343619}.MinSizeRel|x86.ActiveCfg = Release|Win32
		{40BD52BB-5106-43B8-AD92-21BFD9343619}.MinSizeRel|x86.Build.0 = Release|Win32
		{40BD52BB-5106-43B8-AD92-21BFD9343619}.Release|Mixed Platforms.ActiveCfg = Release|Win32
		{40BD52BB-5106-43B8-AD92-21BFD9343619}.Release|Mixed Platforms.Build.0 = Release|Win32
		{40BD52BB-5106-43B8-AD92-21BFD9343619}.Release|Win32.ActiveCfg = Release|Win32
		{40BD52BB-5106-43B8-AD92-21BFD9343619}.Release|Win32.Build.0 = Release|Win32
		{40BD52BB-5106-43B8-AD92-21BFD9343619}.Release|x64.ActiveCfg = Release|Win32
		{40BD52BB-5106-43B8-AD92-21BFD9343619}.Release|x86.ActiveCfg = Release|Win32
		{40BD52BB-5106-43B8-AD92-21BFD9343619}.Release|x86.Build.0 = Release|Win32
		{40BD52BB-5106-43B8-AD92-21BFD9343619}.RelWithDebInfo|Mixed Platforms.ActiveCfg = Release|Win32
		{40BD52BB-5106-43B8-AD92-21BFD9343619}.RelWithDebInfo|Mixed Platforms.Build.0 = Release|Win32
		{40BD52BB-5106-43B8-AD92-21BFD9343619}.RelWithDebInfo|Win32.ActiveCfg = Release|Win32
		{40BD52BB-5106-43B8-AD92-21BFD9343619}.RelWithDebInfo|Win32.Build.0 = Release|Win32
		{40BD52BB-5106-43B8-AD92-21BFD9343619}.RelWithDebInfo|x64.ActiveCfg = Release|Win32
		{40BD52BB-5106-43B8-AD92-21BFD9343619}.RelWithDebInfo|x64.Build.0 = Release|Win32
		{40BD52BB-5106-43B8-AD92-21BFD9343619}.RelWithDebInfo|x86.ActiveCfg = Release|Win32
		{40BD52BB-5106-43B8-AD92-21BFD9343619}.RelWithDebInfo|x86.Build.0 = Release|Win32
		{6734F8C8-0EB2-4A1A-8687-1812CCCAF01B}.Debug|Mixed Platforms.ActiveCfg = Debug|Win32
		{6734F8C8-0EB2-4A1A-8687-1812CCCAF01B}.Debug|Mixed Platforms.Build.0 = Debug|Win32
		{6734F8C8-0EB2-4A1A-8687-1812CCCAF01B}.Debug|Win32.ActiveCfg = Debug|Win32
		{6734F8C8-0EB2-4A1A-8687-1812CCCAF01B}.Debug|Win32.Build.0 = Debug|Win32
		{6734F8C8-0EB2-4A1A-8687-1812CCCAF01B}.Debug|x64.ActiveCfg = Debug|x64
		{6734F8C8-0EB2-4A1A-8687-1812CCCAF01B}.Debug|x64.Build.0 = Debug|x64
		{6734F8C8-0EB2-4A1A-8687-1812CCCAF01B}.Debug|x86.ActiveCfg = Debug|Win32
		{6734F8C8-0EB2-4A1A-8687-1812CCCAF01B}.Debug|x86.Build.0 = Debug|Win32
		{6734F8C8-0EB2-4A1A-8687-1812CCCAF01B}.DLL-Import Debug|Mixed Platforms.ActiveCfg = Debug|Win32
		{6734F8C8-0EB2-4A1A-8687-1812CCCAF01B}.DLL-Import Debug|Mixed Platforms.Build.0 = Debug|Win32
		{6734F8C8-0EB2-4A1A-8687-1812CCCAF01B}.DLL-Import Debug|Win32.ActiveCfg = Debug|Win32
		{6734F8C8-0EB2-4A1A-8687-1812CCCAF01B}.DLL-Import Debug|Win32.Build.0 = Debug|Win32
		{6734F8C8-0EB2-4A1A-8687-1812CCCAF01B}.DLL-Import Debug|x64.ActiveCfg = Debug|x64
		{6734F8C8-0EB2-4A1A-8687-1812CCCAF01B}.DLL-Import Debug|x64.Build.0 = Debug|x64
		{6734F8C8-0EB2-4A1A-8687-1812CCCAF01B}.DLL-Import Debug|x86.ActiveCfg = Debug|Win32
		{6734F8C8-0EB2-4A1A-8687-1812CCCAF01B}.DLL-Import Debug|x86.Build.0 = Debug|Win32
		{6734F8C8-0EB2-4A1A-8687-1812CCCAF01B}.DLL-Import Release|Mixed Platforms.ActiveCfg = Release|Win32
		{6734F8C8-0EB2-4A1A-8687-1812CCCAF01B}.DLL-Import Release|Mixed Platforms.Build.0 = Release|Win32
		{6734F8C8-0EB2-4A1A-8687-1812CCCAF01B}.DLL-Import Release|Win32.ActiveCfg = Release|Win32
		{6734F8C8-0EB2-4A1A-8687-1812CCCAF01B}.DLL-Import Release|Win32.Build.0 = Release|Win32
		{6734F8C8-0EB2-4A1A-8687-1812CCCAF01B}.DLL-Import Release|x64.ActiveCfg = Release|x64
		{6734F8C8-0EB2-4A1A-8687-1812CCCAF01B}.DLL-Import Release|x64.Build.0 = Release|x64
		{6734F8C8-0EB2-4A1A-8687-1812CCCAF01B}.DLL-Import Release|x86.ActiveCfg = Release|Win32
		{6734F8C8-0EB2-4A1A-8687-1812CCCAF01B}.DLL-Import Release|x86.Build.0 = Release|Win32
		{6734F8C8-0EB2-4A1A-8687-1812CCCAF01B}.MinSizeRel|Mixed Platforms.ActiveCfg = Release|Win32
		{6734F8C8-0EB2-4A1A-8687-1812CCCAF01B}.MinSizeRel|Mixed Platforms.Build.0 = Release|Win32
		{6734F8C8-0EB2-4A1A-8687-1812CCCAF01B}.MinSizeRel|Win32.ActiveCfg = Release|Win32
		{6734F8C8-0EB2-4A1A-8687-1812CCCAF01B}.MinSizeRel|Win32.Build.0 = Release|Win32
		{6734F8C8-0EB2-4A1A-8687-1812CCCAF01B}.MinSizeRel|x64.ActiveCfg = Release|x64
		{6734F8C8-0EB2-4A1A-8687-1812CCCAF01B}.MinSizeRel|x64.Build.0 = Release|x64
		{6734F8C8-0EB2-4A1A-8687-1812CCCAF01B}.MinSizeRel|x86.ActiveCfg = Release|Win32
		{6734F8C8-0EB2-4A1A-8687-1812CCCAF01B}.MinSizeRel|x86.Build.0 = Release|Win32
		{6734F8C8-0EB2-4A1A-8687-1812CCCAF01B}.Release|Mixed Platforms.ActiveCfg = Release|Win32
		{6734F8C8-0EB2-4A1A-8687-1812CCCAF01B}.Release|Mixed Platforms.Build.0 = Release|Win32
		{6734F8C8-0EB2-4A1A-8687-1812CCCAF01B}.Release|Win32.ActiveCfg = Release|Win32
		{6734F8C8-0EB2-4A1A-8687-1812CCCAF01B}.Release|Win32.Build.0 = Release|Win32
		{6734F8C8-0EB2-4A1A-8687-1812CCCAF01B}.Release|x64.ActiveCfg = Release|x64
		{6734F8C8-0EB2-4A1A-8687-1812CCCAF01B}.Release|x64.Build.0 = Release|x64
		{6734F8C8-0EB2-4A1A-8687-1812CCCAF01B}.Release|x86.ActiveCfg = Release|Win32
		{6734F8C8-0EB2-4A1A-8687-1812CCCAF01B}.Release|x86.Build.0 = Release|Win32
		{6734F8C8-0EB2-4A1A-8687-1812CCCAF01B}.RelWithDebInfo|Mixed Platforms.ActiveCfg = Release|Win32
		{6734F8C8-0EB2-4A1A-8687-1812CCCAF01B}.RelWithDebInfo|Mixed Platforms.Build.0 = Release|Win32
		{6734F8C8-0EB2-4A1A-8687-1812CCCAF01B}.RelWithDebInfo|Win32.ActiveCfg = Release|Win32
		{6734F8C8-0EB2-4A1A-8687-1812CCCAF01B}.RelWithDebInfo|Win32.Build.0 = Release|Win32
		{6734F8C8-0EB2-4A1A-8687-1812CCCAF01B}.RelWithDebInfo|x64.ActiveCfg = Release|x64
		{6734F8C8-0EB2-4A1A-8687-1812CCCAF01B}.RelWithDebInfo|x64.Build.0 = Release|x64
		{6734F8C8-0EB2-4A1A-8687-1812CCCAF01B}.RelWithDebInfo|x86.ActiveCfg = Release|Win32
		{6734F8C8-0EB2-4A1A-8687-1812CCCAF01B}.RelWithDebInfo|x86.Build.0 = Release|Win32
		{006686E3-6160-4984-827E-B9200E5B3338}.Debug|Mixed Platforms.ActiveCfg = Debug|Win32
		{006686E3-6160-4984-827E-B9200E5B3338}.Debug|Mixed Platforms.Build.0 = Debug|Win32
		{006686E3-6160-4984-827E-B9200E5B3338}.Debug|Win32.ActiveCfg = Debug|Win32
		{006686E3-6160-4984-827E-B9200E5B3338}.Debug|Win32.Build.0 = Debug|Win32
		{006686E3-6160-4984-827E-B9200E5B3338}.Debug|x64.ActiveCfg = Debug|x64
		{006686E3-6160-4984-827E-B9200E5B3338}.Debug|x64.Build.0 = Debug|x64
		{006686E3-6160-4984-827E-B9200E5B3338}.Debug|x86.ActiveCfg = Debug|Win32
		{006686E3-6160-4984-827E-B9200E5B3338}.Debug|x86.Build.0 = Debug|Win32
		{006686E3-6160-4984-827E-B9200E5B3338}.DLL-Import Debug|Mixed Platforms.ActiveCfg = Debug|Win32
		{006686E3-6160-4984-827E-B9200E5B3338}.DLL-Import Debug|Mixed Platforms.Build.0 = Debug|Win32
		{006686E3-6160-4984-827E-B9200E5B3338}.DLL-Import Debug|Win32.ActiveCfg = Debug|Win32
		{006686E3-6160-4984-827E-B9200E5B3338}.DLL-Import Debug|Win32.Build.0 = Debug|Win32
		{006686E3-6160-4984-827E-B9200E5B3338}.DLL-Import Debug|x64.ActiveCfg = Debug|x64
		{006686E3-6160-4984-827E-B9200E5B3338}.DLL-Import Debug|x64.Build.0 = Debug|x64
		{006686E3-6160-4984-827E-B9200E5B3338}.DLL-Import Debug|x86.ActiveCfg = Debug|Win32
		{006686E3-6160-4984-827E-B9200E5B3338}.DLL-Import Debug|x86.Build.0 = Debug|Win32
		{006686E3-6160-4984-827E-B9200E5B3338}.DLL-Import Release|Mixed Platforms.ActiveCfg = Release|Win32
		{006686E3-6160-4984-827E-B9200E5B3338}.DLL-Import Release|Mixed Platforms.Build.0 = Release|Win32
		{006686E3-6160-4984-827E-B9200E5B3338}.DLL-Import Release|Win32.ActiveCfg = Release|Win32
		{006686E3-6160-4984-827E-B9200E5B3338}.DLL-Import Release|Win32.Build.0 = Release|Win32
		{006686E3-6160-4984-827E-B9200E5B3338}.DLL-Import Release|x64.ActiveCfg = Release|x64
		{006686E3-6160-4984-827E-B9200E5B3338}.DLL-Import Release|x64.Build.0 = Release|x64
		{006686E3-6160-4984-827E-B9200E5B3338}.DLL-Import Release|x86.ActiveCfg = Release|Win32
		{006686E3-6160-4984-827E-B9200E5B3338}.DLL-Import Release|x86.Build.0 = Release|Win32
		{006686E3-6160-4984-827E-B9200E5B3338}.MinSizeRel|Mixed Platforms.ActiveCfg = Release|Win32
		{006686E3-6160-4984-827E-B9200E5B3338}.MinSizeRel|Mixed Platforms.Build.0 = Release|Win32
		{006686E3-6160-4984-827E-B9200E5B3338}.MinSizeRel|Win32.ActiveCfg = Release|Win32
		{006686E3-6160-4984-827E-B9200E5B3338}.MinSizeRel|Win32.Build.0 = Release|Win32
		{006686E3-6160-4984-827E-B9200E5B3338}.MinSizeRel|x64.ActiveCfg = Release|x64
		{006686E3-6160-4984-827E-B9200E5B3338}.MinSizeRel|x64.Build.0 = Release|x64
		{006686E3-6160-4984-827E-B9200E5B3338}.MinSizeRel|x86.ActiveCfg = Release|Win32
		{006686E3-6160-4984-827E-B9200E5B3338}.MinSizeRel|x86.Build.0 = Release|Win32
		{006686E3-6160-4984-827E-B9200E5B3338}.Release|Mixed Platforms.ActiveCfg = Release|Win32
		{006686E3-6160-4984-827E-B9200E5B3338}.Release|Mixed Platforms.Build.0 = Release|Win32
		{006686E3-6160-4984-827E-B9200E5B3338}.Release|Win32.ActiveCfg = Release|Win32
		{006686E3-6160-4984-827E-B9200E5B3338}.Release|Win32.Build.0 = Release|Win32
		{006686E3-6160-4984-827E-B9200E5B3338}.Release|x64.ActiveCfg = Release|x64
		{006686E3-6160-4984-827E-B9200E5B3338}.Release|x64.Build.0 = Release|x64
		{006686E3-6160-4984-827E-B9200E5B3338}.Release|x86.ActiveCfg = Release|Win32
		{006686E3-6160-4984-827E-B9200E5B3338}.Release|x86.Build.0 = Release|Win32
		{006686E3-6160-4984-827E-B9200E5B3338}.RelWithDebInfo|Mixed Platforms.ActiveCfg = Release|Win32
		{006686E3-6160-4984-827E-B9200E5B3338}.RelWithDebInfo|Mixed Platforms.Build.0 = Release|Win32
		{006686E3-6160-4984-827E-B9200E5B3338}.RelWithDebInfo|Win32.ActiveCfg = Release|Win32
		{006686E3-6160-4984-827E-B9200E5B3338}.RelWithDebInfo|Win32.Build.0 = Release|Win32
		{006686E3-6160-4984-827E-B9200E5B3338}.RelWithDebInfo|x64.ActiveCfg = Release|x64
		{006686E3-6160-4984-827E-B9200E5B3338}.RelWithDebInfo|x64.Build.0 = Release|x64
		{006686E3-6160-4984-827E-B9200E5B3338}.RelWithDebInfo|x86.ActiveCfg = Release|Win32
		{006686E3-6160-4984-827E-B9200E5B3338}.RelWithDebInfo|x86.Build.0 = Release|Win32
		{1CB860DC-191E-38B1-A560-8309BDB2FD64}.Debug|Mixed Platforms.ActiveCfg = Debug|Win32
		{1CB860DC-191E-38B1-A560-8309BDB2FD64}.Debug|Mixed Platforms.Build.0 = Debug|Win32
		{1CB860DC-191E-38B1-A560-8309BDB2FD64}.Debug|Win32.ActiveCfg = Debug|Win32
		{1CB860DC-191E-38B1-A560-8309BDB2FD64}.Debug|Win32.Build.0 = Debug|Win32
		{1CB860DC-191E-38B1-A560-8309BDB2FD64}.Debug|x64.ActiveCfg = Debug|Win32
		{1CB860DC-191E-38B1-A560-8309BDB2FD64}.Debug|x86.ActiveCfg = Debug|Win32
		{1CB860DC-191E-38B1-A560-8309BDB2FD64}.Debug|x86.Build.0 = Debug|Win32
		{1CB860DC-191E-38B1-A560-8309BDB2FD64}.DLL-Import Debug|Mixed Platforms.ActiveCfg = Debug|Win32
		{1CB860DC-191E-38B1-A560-8309BDB2FD64}.DLL-Import Debug|Mixed Platforms.Build.0 = Debug|Win32
		{1CB860DC-191E-38B1-A560-8309BDB2FD64}.DLL-Import Debug|Win32.ActiveCfg = Debug|Win32
		{1CB860DC-191E-38B1-A560-8309BDB2FD64}.DLL-Import Debug|Win32.Build.0 = Debug|Win32
		{1CB860DC-191E-38B1-A560-8309BDB2FD64}.DLL-Import Debug|x64.ActiveCfg = Debug|Win32
		{1CB860DC-191E-38B1-A560-8309BDB2FD64}.DLL-Import Debug|x86.ActiveCfg = Debug|Win32
		{1CB860DC-191E-38B1-A560-8309BDB2FD64}.DLL-Import Debug|x86.Build.0 = Debug|Win32
		{1CB860DC-191E-38B1-A560-8309BDB2FD64}.DLL-Import Release|Mixed Platforms.ActiveCfg = Release|Win32
		{1CB860DC-191E-38B1-A560-8309BDB2FD64}.DLL-Import Release|Mixed Platforms.Build.0 = Release|Win32
		{1CB860DC-191E-38B1-A560-8309BDB2FD64}.DLL-Import Release|Win32.ActiveCfg = Release|Win32
		{1CB860DC-191E-38B1-A560-8309BDB2FD64}.DLL-Import Release|Win32.Build.0 = Release|Win32
		{1CB860DC-191E-38B1-A560-8309BDB2FD64}.DLL-Import Release|x64.ActiveCfg = Release|Win32
		{1CB860DC-191E-38B1-A560-8309BDB2FD64}.DLL-Import Release|x86.ActiveCfg = Release|Win32
		{1CB860DC-191E-38B1-A560-8309BDB2FD64}.DLL-Import Release|x86.Build.0 = Release|Win32
		{1CB860DC-191E-38B1-A560-8309BDB2FD64}.MinSizeRel|Mixed Platforms.ActiveCfg = Release|Win32
		{1CB860DC-191E-38B1-A560-8309BDB2FD64}.MinSizeRel|Mixed Platforms.Build.0 = Release|Win32
		{1CB860DC-191E-38B1-A560-8309BDB2FD64}.MinSizeRel|Win32.ActiveCfg = Release|Win32
		{1CB860DC-191E-38B1-A560-8309BDB2FD64}.MinSizeRel|Win32.Build.0 = Release|Win32
		{1CB860DC-191E-38B1-A560-8309BDB2FD64}.MinSizeRel|x64.ActiveCfg = Release|Win32
		{1CB860DC-191E-38B1-A560-8309BDB2FD64}.MinSizeRel|x86.ActiveCfg = Release|Win32
		{1CB860DC-191E-38B1-A560-8309BDB2FD64}.MinSizeRel|x86.Build.0 = Release|Win32
		{1CB860DC-191E-38B1-A560-8309BDB2FD64}.Release|Mixed Platforms.ActiveCfg = Release|Win32
		{1CB860DC-191E-38B1-A560-8309BDB2FD64}.Release|Mixed Platforms.Build.0 = Release|Win32
		{1CB860DC-191E-38B1-A560-8309BDB2FD64}.Release|Win32.ActiveCfg = Release|Win32
		{1CB860DC-191E-38B1-A560-8309BDB2FD64}.Release|Win32.Build.0 = Release|Win32
		{1CB860DC-191E-38B1-A560-8309BDB2FD64}.Release|x64.ActiveCfg = Release|Win32
		{1CB860DC-191E-38B1-A560-8309BDB2FD64}.Release|x86.ActiveCfg = Release|Win32
		{1CB860DC-191E-38B1-A560-8309BDB2FD64}.Release|x86.Build.0 = Release|Win32
		{1CB860DC-191E-38B1-A560-8309BDB2FD64}.RelWithDebInfo|Mixed Platforms.ActiveCfg = Release|Win32
		{1CB860DC-191E-38B1-A560-8309BDB2FD64}.RelWithDebInfo|Mixed Platforms.Build.0 = Release|Win32
		{1CB860DC-191E-38B1-A560-8309BDB2FD64}.RelWithDebInfo|Win32.ActiveCfg = Release|Win32
		{1CB860DC-191E-38B1-A560-8309BDB2FD64}.RelWithDebInfo|Win32.Build.0 = Release|Win32
		{1CB860DC-191E-38B1-A560-8309BDB2FD64}.RelWithDebInfo|x64.ActiveCfg = Release|Win32
		{1CB860DC-191E-38B1-A560-8309BDB2FD64}.RelWithDebInfo|x86.ActiveCfg = Release|Win32
		{1CB860DC-191E-38B1-A560-8309BDB2FD64}.RelWithDebInfo|x86.Build.0 = Release|Win32
		{143195B8-6197-3FE6-AFF6-7CD550434948}.Debug|Mixed Platforms.ActiveCfg = Debug|Win32
		{143195B8-6197-3FE6-AFF6-7CD550434948}.Debug|Mixed Platforms.Build.0 = Debug|Win32
		{143195B8-6197-3FE6-AFF6-7CD550434948}.Debug|Win32.ActiveCfg = Debug|Win32
		{143195B8-6197-3FE6-AFF6-7CD550434948}.Debug|Win32.Build.0 = Debug|Win32
		{143195B8-6197-3FE6-AFF6-7CD550434948}.Debug|x64.ActiveCfg = Debug|Win32
		{143195B8-6197-3FE6-AFF6-7CD550434948}.Debug|x86.ActiveCfg = Debug|Win32
		{143195B8-6197-3FE6-AFF6-7CD550434948}.Debug|x86.Build.0 = Debug|Win32
		{143195B8-6197-3FE6-AFF6-7CD550434948}.DLL-Import Debug|Mixed Platforms.ActiveCfg = Debug|Win32
		{143195B8-6197-3FE6-AFF6-7CD550434948}.DLL-Import Debug|Mixed Platforms.Build.0 = Debug|Win32
		{143195B8-6197-3FE6-AFF6-7CD550434948}.DLL-Import Debug|Win32.ActiveCfg = Debug|Win32
		{143195B8-6197-3FE6-AFF6-7CD550434948}.DLL-Import Debug|Win32.Build.0 = Debug|Win32
		{143195B8-6197-3FE6-AFF6-7CD550434948}.DLL-Import Debug|x64.ActiveCfg = Debug|Win32
		{143195B8-6197-3FE6-AFF6-7CD550434948}.DLL-Import Debug|x86.ActiveCfg = Debug|Win32
		{143195B8-6197-3FE6-AFF6-7CD550434948}.DLL-Import Debug|x86.Build.0 = Debug|Win32
		{143195B8-6197-3FE6-AFF6-7CD550434948}.DLL-Import Release|Mixed Platforms.ActiveCfg = Release|Win32
		{143195B8-6197-3FE6-AFF6-7CD550434948}.DLL-Import Release|Mixed Platforms.Build.0 = Release|Win32
		{143195B8-6197-3FE6-AFF6-7CD550434948}.DLL-Import Release|Win32.ActiveCfg = Release|Win32
		{143195B8-6197-3FE6-AFF6-7CD550434948}.DLL-Import Release|Win32.Build.0 = Release|Win32
		{143195B8-6197-3FE6-AFF6-7CD550434948}.DLL-Import Release|x64.ActiveCfg = Release|Win32
		{143195B8-6197-3FE6-AFF6-7CD550434948}.DLL-Import Release|x86.ActiveCfg = Release|Win32
		{143195B8-6197-3FE6-AFF6-7CD550434948}.DLL-Import Release|x86.Build.0 = Release|Win32
		{143195B8-6197-3FE6-AFF6-7CD550434948}.MinSizeRel|Mixed Platforms.ActiveCfg = MinSizeRel|Win32
		{143195B8-6197-3FE6-AFF6-7CD550434948}.MinSizeRel|Mixed Platforms.Build.0 = MinSizeRel|Win32
		{143195B8-6197-3FE6-AFF6-7CD550434948}.MinSizeRel|Win32.ActiveCfg = MinSizeRel|Win32
		{143195B8-6197-3FE6-AFF6-7CD550434948}.MinSizeRel|Win32.Build.0 = MinSizeRel|Win32
		{143195B8-6197-3FE6-AFF6-7CD550434948}.MinSizeRel|x64.ActiveCfg = MinSizeRel|Win32
		{143195B8-6197-3FE6-AFF6-7CD550434948}.MinSizeRel|x86.ActiveCfg = MinSizeRel|Win32
		{143195B8-6197-3FE6-AFF6-7CD550434948}.MinSizeRel|x86.Build.0 = MinSizeRel|Win32
		{143195B8-6197-3FE6-AFF6-7CD550434948}.Release|Mixed Platforms.ActiveCfg = Release|Win32
		{143195B8-6197-3FE6-AFF6-7CD550434948}.Release|Mixed Platforms.Build.0 = Release|Win32
		{143195B8-6197-3FE6-AFF6-7CD550434948}.Release|Win32.ActiveCfg = Release|Win32
		{143195B8-6197-3FE6-AFF6-7CD550434948}.Release|Win32.Build.0 = Release|Win32
		{143195B8-6197-3FE6-AFF6-7CD550434948}.Release|x64.ActiveCfg = Release|Win32
		{143195B8-6197-3FE6-AFF6-7CD550434948}.Release|x86.ActiveCfg = Release|Win32
		{143195B8-6197-3FE6-AFF6-7CD550434948}.Release|x86.Build.0 = Release|Win32
		{143195B8-6197-3FE6-AFF6-7CD550434948}.RelWithDebInfo|Mixed Platforms.ActiveCfg = RelWithDebInfo|Win32
		{143195B8-6197-3FE6-AFF6-7CD550434948}.RelWithDebInfo|Mixed Platforms.Build.0 = RelWithDebInfo|Win32
		{143195B8-6197-3FE6-AFF6-7CD550434948}.RelWithDebInfo|Win32.ActiveCfg = RelWithDebInfo|Win32
		{143195B8-6197-3FE6-AFF6-7CD550434948}.RelWithDebInfo|Win32.Build.0 = RelWithDebInfo|Win32
		{143195B8-6197-3FE6-AFF6-7CD550434948}.RelWithDebInfo|x64.ActiveCfg = RelWithDebInfo|Win32
		{143195B8-6197-3FE6-AFF6-7CD550434948}.RelWithDebInfo|x86.ActiveCfg = RelWithDebInfo|Win32
		{143195B8-6197-3FE6-AFF6-7CD550434948}.RelWithDebInfo|x86.Build.0 = RelWithDebInfo|Win32
		{761A14B4-4B8E-4F0F-8F11-E709BFEAB588}.Debug|Mixed Platforms.ActiveCfg = Debug|Win32
		{761A14B4-4B8E-4F0F-8F11-E709BFEAB588}.Debug|Mixed Platforms.Build.0 = Debug|Win32
		{761A14B4-4B8E-4F0F-8F11-E709BFEAB588}.Debug|Win32.ActiveCfg = Debug|Win32
		{761A14B4-4B8E-4F0F-8F11-E709BFEAB588}.Debug|Win32.Build.0 = Debug|Win32
		{761A14B4-4B8E-4F0F-8F11-E709BFEAB588}.Debug|x64.ActiveCfg = Debug|Win32
		{761A14B4-4B8E-4F0F-8F11-E709BFEAB588}.Debug|x86.ActiveCfg = Debug|Win32
		{761A14B4-4B8E-4F0F-8F11-E709BFEAB588}.Debug|x86.Build.0 = Debug|Win32
		{761A14B4-4B8E-4F0F-8F11-E709BFEAB588}.DLL-Import Debug|Mixed Platforms.ActiveCfg = Debug|Win32
		{761A14B4-4B8E-4F0F-8F11-E709BFEAB588}.DLL-Import Debug|Mixed Platforms.Build.0 = Debug|Win32
		{761A14B4-4B8E-4F0F-8F11-E709BFEAB588}.DLL-Import Debug|Win32.ActiveCfg = Debug|Win32
		{761A14B4-4B8E-4F0F-8F11-E709BFEAB588}.DLL-Import Debug|Win32.Build.0 = Debug|Win32
		{761A14B4-4B8E-4F0F-8F11-E709BFEAB588}.DLL-Import Debug|x64.ActiveCfg = Debug|Win32
		{761A14B4-4B8E-4F0F-8F11-E709BFEAB588}.DLL-Import Debug|x86.ActiveCfg = Debug|Win32
		{761A14B4-4B8E-4F0F-8F11-E709BFEAB588}.DLL-Import Debug|x86.Build.0 = Debug|Win32
		{761A14B4-4B8E-4F0F-8F11-E709BFEAB588}.DLL-Import Release|Mixed Platforms.ActiveCfg = Release|Win32
		{761A14B4-4B8E-4F0F-8F11-E709BFEAB588}.DLL-Import Release|Mixed Platforms.Build.0 = Release|Win32
		{761A14B4-4B8E-4F0F-8F11-E709BFEAB588}.DLL-Import Release|Win32.ActiveCfg = Release|Win32
		{761A14B4-4B8E-4F0F-8F11-E709BFEAB588}.DLL-Import Release|Win32.Build.0 = Release|Win32
		{761A14B4-4B8E-4F0F-8F11-E709BFEAB588}.DLL-Import Release|x64.ActiveCfg = Release|Win32
		{761A14B4-4B8E-4F0F-8F11-E709BFEAB588}.DLL-Import Release|x86.ActiveCfg = Release|Win32
		{761A14B4-4B8E-4F0F-8F11-E709BFEAB588}.DLL-Import Release|x86.Build.0 = Release|Win32
		{761A14B4-4B8E-4F0F-8F11-E709BFEAB588}.MinSizeRel|Mixed Platforms.ActiveCfg = Release|Win32
		{761A14B4-4B8E-4F0F-8F11-E709BFEAB588}.MinSizeRel|Mixed Platforms.Build.0 = Release|Win32
		{761A14B4-4B8E-4F0F-8F11-E709BFEAB588}.MinSizeRel|Win32.ActiveCfg = Release|Win32
		{761A14B4-4B8E-4F0F-8F11-E709BFEAB588}.MinSizeRel|Win32.Build.0 = Release|Win32
		{761A14B4-4B8E-4F0F-8F11-E709BFEAB588}.MinSizeRel|x64.ActiveCfg = Release|Win32
		{761A14B4-4B8E-4F0F-8F11-E709BFEAB588}.MinSizeRel|x86.ActiveCfg = Release|Win32
		{761A14B4-4B8E-4F0F-8F11-E709BFEAB588}.MinSizeRel|x86.Build.0 = Release|Win32
		{761A14B4-4B8E-4F0F-8F11-E709BFEAB588}.Release|Mixed Platforms.ActiveCfg = Release|Win32
		{761A14B4-4B8E-4F0F-8F11-E709BFEAB588}.Release|Mixed Platforms.Build.0 = Release|Win32
		{761A14B4-4B8E-4F0F-8F11-E709BFEAB588}.Release|Win32.ActiveCfg = Release|Win32
		{761A14B4-4B8E-4F0F-8F11-E709BFEAB588}.Release|Win32.Build.0 = Release|Win32
		{761A14B4-4B8E-4F0F-8F11-E709BFEAB588}.Release|x64.ActiveCfg = Release|Win32
		{761A14B4-4B8E-4F0F-8F11-E709BFEAB588}.Release|x86.ActiveCfg = Release|Win32
		{761A14B4-4B8E-4F0F-8F11-E709BFEAB588}.Release|x86.Build.0 = Release|Win32
		{761A14B4-4B8E-4F0F-8F11-E709BFEAB588}.RelWithDebInfo|Mixed Platforms.ActiveCfg = Release|Win32
		{761A14B4-4B8E-4F0F-8F11-E709BFEAB588}.RelWithDebInfo|Mixed Platforms.Build.0 = Release|Win32
		{761A14B4-4B8E-4F0F-8F11-E709BFEAB588}.RelWithDebInfo|Win32.ActiveCfg = Release|Win32
		{761A14B4-4B8E-4F0F-8F11-E709BFEAB588}.RelWithDebInfo|Win32.Build.0 = Release|Win32
		{761A14B4-4B8E-4F0F-8F11-E709BFEAB588}.RelWithDebInfo|x64.ActiveCfg = Release|Win32
		{761A14B4-4B8E-4F0F-8F11-E709BFEAB588}.RelWithDebInfo|x86.ActiveCfg = Release|Win32
		{761A14B4-4B8E-4F0F-8F11-E709BFEAB588}.RelWithDebInfo|x86.Build.0 = Release|Win32
		{7A452E96-11A1-4F12-879F-DDEAC05809B2}.Debug|Mixed Platforms.ActiveCfg = Debug|Win32
		{7A452E96-11A1-4F12-879F-DDEAC05809B2}.Debug|Mixed Platforms.Build.0 = Debug|Win32
		{7A452E96-11A1-4F12-879F-DDEAC05809B2}.Debug|Win32.ActiveCfg = Debug|Win32
		{7A452E96-11A1-4F12-879F-DDEAC05809B2}.Debug|Win32.Build.0 = Debug|Win32
		{7A452E96-11A1-4F12-879F-DDEAC05809B2}.Debug|x64.ActiveCfg = Debug|Win32
		{7A452E96-11A1-4F12-879F-DDEAC05809B2}.Debug|x86.ActiveCfg = Debug|Win32
		{7A452E96-11A1-4F12-879F-DDEAC05809B2}.Debug|x86.Build.0 = Debug|Win32
		{7A452E96-11A1-4F12-879F-DDEAC05809B2}.DLL-Import Debug|Mixed Platforms.ActiveCfg = Debug|Win32
		{7A452E96-11A1-4F12-879F-DDEAC05809B2}.DLL-Import Debug|Mixed Platforms.Build.0 = Debug|Win32
		{7A452E96-11A1-4F12-879F-DDEAC05809B2}.DLL-Import Debug|Win32.ActiveCfg = Debug|Win32
		{7A452E96-11A1-4F12-879F-DDEAC05809B2}.DLL-Import Debug|Win32.Build.0 = Debug|Win32
		{7A452E96-11A1-4F12-879F-DDEAC05809B2}.DLL-Import Debug|x64.ActiveCfg = Debug|Win32
		{7A452E96-11A1-4F12-879F-DDEAC05809B2}.DLL-Import Debug|x86.ActiveCfg = Debug|Win32
		{7A452E96-11A1-4F12-879F-DDEAC05809B2}.DLL-Import Debug|x86.Build.0 = Debug|Win32
		{7A452E96-11A1-4F12-879F-DDEAC05809B2}.DLL-Import Release|Mixed Platforms.ActiveCfg = Release|Win32
		{7A452E96-11A1-4F12-879F-DDEAC05809B2}.DLL-Import Release|Mixed Platforms.Build.0 = Release|Win32
		{7A452E96-11A1-4F12-879F-DDEAC05809B2}.DLL-Import Release|Win32.ActiveCfg = Release|Win32
		{7A452E96-11A1-4F12-879F-DDEAC05809B2}.DLL-Import Release|Win32.Build.0 = Release|Win32
		{7A452E96-11A1-4F12-879F-DDEAC05809B2}.DLL-Import Release|x64.ActiveCfg = Release|Win32
		{7A452E96-11A1-4F12-879F-DDEAC05809B2}.DLL-Import Release|x86.ActiveCfg = Release|Win32
		{7A452E96-11A1-4F12-879F-DDEAC05809B2}.DLL-Import Release|x86.Build.0 = Release|Win32
		{7A452E96-11A1-4F12-879F-DDEAC05809B2}.MinSizeRel|Mixed Platforms.ActiveCfg = Release|Win32
		{7A452E96-11A1-4F12-879F-DDEAC05809B2}.MinSizeRel|Mixed Platforms.Build.0 = Release|Win32
		{7A452E96-11A1-4F12-879F-DDEAC05809B2}.MinSizeRel|Win32.ActiveCfg = Release|Win32
		{7A452E96-11A1-4F12-879F-DDEAC05809B2}.MinSizeRel|Win32.Build.0 = Release|Win32
		{7A452E96-11A1-4F12-879F-DDEAC05809B2}.MinSizeRel|x64.ActiveCfg = Release|Win32
		{7A452E96-11A1-4F12-879F-DDEAC05809B2}.MinSizeRel|x86.ActiveCfg = Release|Win32
		{7A452E96-11A1-4F12-879F-DDEAC05809B2}.MinSizeRel|x86.Build.0 = Release|Win32
		{7A452E96-11A1-4F12-879F-DDEAC05809B2}.Release|Mixed Platforms.ActiveCfg = Release|Win32
		{7A452E96-11A1-4F12-879F-DDEAC05809B2}.Release|Mixed Platforms.Build.0 = Release|Win32
		{7A452E96-11A1-4F12-879F-DDEAC05809B2}.Release|Win32.ActiveCfg = Release|Win32
		{7A452E96-11A1-4F12-879F-DDEAC05809B2}.Release|Win32.Build.0 = Release|Win32
		{7A452E96-11A1-4F12-879F-DDEAC05809B2}.Release|x64.ActiveCfg = Release|Win32
		{7A452E96-11A1-4F12-879F-DDEAC05809B2}.Release|x86.ActiveCfg = Release|Win32
		{7A452E96-11A1-4F12-879F-DDEAC05809B2}.Release|x86.Build.0 = Release|Win32
		{7A452E96-11A1-4F12-879F-DDEAC05809B2}.RelWithDebInfo|Mixed Platforms.ActiveCfg = Release|Win32
		{7A452E96-11A1-4F12-879F-DDEAC05809B2}.RelWithDebInfo|Mixed Platforms.Build.0 = Release|Win32
		{7A452E96-11A1-4F12-879F-DDEAC05809B2}.RelWithDebInfo|Win32.ActiveCfg = Release|Win32
		{7A452E96-11A1-4F12-879F-DDEAC05809B2}.RelWithDebInfo|Win32.Build.0 = Release|Win32
		{7A452E96-11A1-4F12-879F-DDEAC05809B2}.RelWithDebInfo|x64.ActiveCfg = Release|Win32
		{7A452E96-11A1-4F12-879F-DDEAC05809B2}.RelWithDebInfo|x86.ActiveCfg = Release|Win32
		{7A452E96-11A1-4F12-879F-DDEAC05809B2}.RelWithDebInfo|x86.Build.0 = Release|Win32
		{DA94A5D6-206B-48FC-8A0E-BA9BF2E22FF2}.Debug|Mixed Platforms.ActiveCfg = Debug|Win32
		{DA94A5D6-206B-48FC-8A0E-BA9BF2E22FF2}.Debug|Mixed Platforms.Build.0 = Debug|Win32
		{DA94A5D6-206B-48FC-8A0E-BA9BF2E22FF2}.Debug|Win32.ActiveCfg = Debug|Win32
		{DA94A5D6-206B-48FC-8A0E-BA9BF2E22FF2}.Debug|Win32.Build.0 = Debug|Win32
		{DA94A5D6-206B-48FC-8A0E-BA9BF2E22FF2}.Debug|x64.ActiveCfg = Debug|Win32
		{DA94A5D6-206B-48FC-8A0E-BA9BF2E22FF2}.Debug|x86.ActiveCfg = Debug|Win32
		{DA94A5D6-206B-48FC-8A0E-BA9BF2E22FF2}.Debug|x86.Build.0 = Debug|Win32
		{DA94A5D6-206B-48FC-8A0E-BA9BF2E22FF2}.DLL-Import Debug|Mixed Platforms.ActiveCfg = Debug|Win32
		{DA94A5D6-206B-48FC-8A0E-BA9BF2E22FF2}.DLL-Import Debug|Mixed Platforms.Build.0 = Debug|Win32
		{DA94A5D6-206B-48FC-8A0E-BA9BF2E22FF2}.DLL-Import Debug|Win32.ActiveCfg = Debug|Win32
		{DA94A5D6-206B-48FC-8A0E-BA9BF2E22FF2}.DLL-Import Debug|Win32.Build.0 = Debug|Win32
		{DA94A5D6-206B-48FC-8A0E-BA9BF2E22FF2}.DLL-Import Debug|x64.ActiveCfg = Debug|Win32
		{DA94A5D6-206B-48FC-8A0E-BA9BF2E22FF2}.DLL-Import Debug|x86.ActiveCfg = Debug|Win32
		{DA94A5D6-206B-48FC-8A0E-BA9BF2E22FF2}.DLL-Import Debug|x86.Build.0 = Debug|Win32
		{DA94A5D6-206B-48FC-8A0E-BA9BF2E22FF2}.DLL-Import Release|Mixed Platforms.ActiveCfg = Release|Win32
		{DA94A5D6-206B-48FC-8A0E-BA9BF2E22FF2}.DLL-Import Release|Mixed Platforms.Build.0 = Release|Win32
		{DA94A5D6-206B-48FC-8A0E-BA9BF2E22FF2}.DLL-Import Release|Win32.ActiveCfg = Release|Win32
		{DA94A5D6-206B-48FC-8A0E-BA9BF2E22FF2}.DLL-Import Release|Win32.Build.0 = Release|Win32
		{DA94A5D6-206B-48FC-8A0E-BA9BF2E22FF2}.DLL-Import Release|x64.ActiveCfg = Release|Win32
		{DA94A5D6-206B-48FC-8A0E-BA9BF2E22FF2}.DLL-Import Release|x86.ActiveCfg = Release|Win32
		{DA94A5D6-206B-48FC-8A0E-BA9BF2E22FF2}.DLL-Import Release|x86.Build.0 = Release|Win32
		{DA94A5D6-206B-48FC-8A0E-BA9BF2E22FF2}.MinSizeRel|Mixed Platforms.ActiveCfg = Release|Win32
		{DA94A5D6-206B-48FC-8A0E-BA9BF2E22FF2}.MinSizeRel|Mixed Platforms.Build.0 = Release|Win32
		{DA94A5D6-206B-48FC-8A0E-BA9BF2E22FF2}.MinSizeRel|Win32.ActiveCfg = Release|Win32
		{DA94A5D6-206B-48FC-8A0E-BA9BF2E22FF2}.MinSizeRel|Win32.Build.0 = Release|Win32
		{DA94A5D6-206B-48FC-8A0E-BA9BF2E22FF2}.MinSizeRel|x64.ActiveCfg = Release|Win32
		{DA94A5D6-206B-48FC-8A0E-BA9BF2E22FF2}.MinSizeRel|x86.ActiveCfg = Release|Win32
		{DA94A5D6-206B-48FC-8A0E-BA9BF2E22FF2}.MinSizeRel|x86.Build.0 = Release|Win32
		{DA94A5D6-206B-48FC-8A0E-BA9BF2E22FF2}.Release|Mixed Platforms.ActiveCfg = Release|Win32
		{DA94A5D6-206B-48FC-8A0E-BA9BF2E22FF2}.Release|Mixed Platforms.Build.0 = Release|Win32
		{DA94A5D6-206B-48FC-8A0E-BA9BF2E22FF2}.Release|Win32.ActiveCfg = Release|Win32
		{DA94A5D6-206B-48FC-8A0E-BA9BF2E22FF2}.Release|Win32.Build.0 = Release|Win32
		{DA94A5D6-206B-48FC-8A0E-BA9BF2E22FF2}.Release|x64.ActiveCfg = Release|Win32
		{DA94A5D6-206B-48FC-8A0E-BA9BF2E22FF2}.Release|x86.ActiveCfg = Release|Win32
		{DA94A5D6-206B-48FC-8A0E-BA9BF2E22FF2}.Release|x86.Build.0 = Release|Win32
		{DA94A5D6-206B-48FC-8A0E-BA9BF2E22FF2}.RelWithDebInfo|Mixed Platforms.ActiveCfg = Release|Win32
		{DA94A5D6-206B-48FC-8A0E-BA9BF2E22FF2}.RelWithDebInfo|Mixed Platforms.Build.0 = Release|Win32
		{DA94A5D6-206B-48FC-8A0E-BA9BF2E22FF2}.RelWithDebInfo|Win32.ActiveCfg = Release|Win32
		{DA94A5D6-206B-48FC-8A0E-BA9BF2E22FF2}.RelWithDebInfo|Win32.Build.0 = Release|Win32
		{DA94A5D6-206B-48FC-8A0E-BA9BF2E22FF2}.RelWithDebInfo|x64.ActiveCfg = Release|Win32
		{DA94A5D6-206B-48FC-8A0E-BA9BF2E22FF2}.RelWithDebInfo|x86.ActiveCfg = Release|Win32
		{DA94A5D6-206B-48FC-8A0E-BA9BF2E22FF2}.RelWithDebInfo|x86.Build.0 = Release|Win32
		{619589EB-073B-4BDB-954C-7064CCE8F672}.Debug|Mixed Platforms.ActiveCfg = Debug|Win32
		{619589EB-073B-4BDB-954C-7064CCE8F672}.Debug|Mixed Platforms.Build.0 = Debug|Win32
		{619589EB-073B-4BDB-954C-7064CCE8F672}.Debug|Win32.ActiveCfg = Debug|Win32
		{619589EB-073B-4BDB-954C-7064CCE8F672}.Debug|Win32.Build.0 = Debug|Win32
		{619589EB-073B-4BDB-954C-7064CCE8F672}.Debug|x64.ActiveCfg = Debug|Win32
		{619589EB-073B-4BDB-954C-7064CCE8F672}.Debug|x86.ActiveCfg = Debug|Win32
		{619589EB-073B-4BDB-954C-7064CCE8F672}.Debug|x86.Build.0 = Debug|Win32
		{619589EB-073B-4BDB-954C-7064CCE8F672}.DLL-Import Debug|Mixed Platforms.ActiveCfg = Debug|Win32
		{619589EB-073B-4BDB-954C-7064CCE8F672}.DLL-Import Debug|Mixed Platforms.Build.0 = Debug|Win32
		{619589EB-073B-4BDB-954C-7064CCE8F672}.DLL-Import Debug|Win32.ActiveCfg = Debug|Win32
		{619589EB-073B-4BDB-954C-7064CCE8F672}.DLL-Import Debug|Win32.Build.0 = Debug|Win32
		{619589EB-073B-4BDB-954C-7064CCE8F672}.DLL-Import Debug|x64.ActiveCfg = Debug|Win32
		{619589EB-073B-4BDB-954C-7064CCE8F672}.DLL-Import Debug|x86.ActiveCfg = Debug|Win32
		{619589EB-073B-4BDB-954C-7064CCE8F672}.DLL-Import Debug|x86.Build.0 = Debug|Win32
		{619589EB-073B-4BDB-954C-7064CCE8F672}.DLL-Import Release|Mixed Platforms.ActiveCfg = Release|Win32
		{619589EB-073B-4BDB-954C-7064CCE8F672}.DLL-Import Release|Mixed Platforms.Build.0 = Release|Win32
		{619589EB-073B-4BDB-954C-7064CCE8F672}.DLL-Import Release|Win32.ActiveCfg = Release|Win32
		{619589EB-073B-4BDB-954C-7064CCE8F672}.DLL-Import Release|Win32.Build.0 = Release|Win32
		{619589EB-073B-4BDB-954C-7064CCE8F672}.DLL-Import Release|x64.ActiveCfg = Release|Win32
		{619589EB-073B-4BDB-954C-7064CCE8F672}.DLL-Import Release|x86.ActiveCfg = Release|Win32
		{619589EB-073B-4BDB-954C-7064CCE8F672}.DLL-Import Release|x86.Build.0 = Release|Win32
		{619589EB-073B-4BDB-954C-7064CCE8F672}.MinSizeRel|Mixed Platforms.ActiveCfg = Release|Win32
		{619589EB-073B-4BDB-954C-7064CCE8F672}.MinSizeRel|Mixed Platforms.Build.0 = Release|Win32
		{619589EB-073B-4BDB-954C-7064CCE8F672}.MinSizeRel|Win32.ActiveCfg = Release|Win32
		{619589EB-073B-4BDB-954C-7064CCE8F672}.MinSizeRel|Win32.Build.0 = Release|Win32
		{619589EB-073B-4BDB-954C-7064CCE8F672}.MinSizeRel|x64.ActiveCfg = Release|Win32
		{619589EB-073B-4BDB-954C-7064CCE8F672}.MinSizeRel|x86.ActiveCfg = Release|Win32
		{619589EB-073B-4BDB-954C-7064CCE8F672}.MinSizeRel|x86.Build.0 = Release|Win32
		{619589EB-073B-4BDB-954C-7064CCE8F672}.Release|Mixed Platforms.ActiveCfg = Release|Win32
		{619589EB-073B-4BDB-954C-7064CCE8F672}.Release|Mixed Platforms.Build.0 = Release|Win32
		{619589EB-073B-4BDB-954C-7064CCE8F672}.Release|Win32.ActiveCfg = Release|Win32
		{619589EB-073B-4BDB-954C-7064CCE8F672}.Release|Win32.Build.0 = Release|Win32
		{619589EB-073B-4BDB-954C-7064CCE8F672}.Release|x64.ActiveCfg = Release|Win32
		{619589EB-073B-4BDB-954C-7064CCE8F672}.Release|x86.ActiveCfg = Release|Win32
		{619589EB-073B-4BDB-954C-7064CCE8F672}.Release|x86.Build.0 = Release|Win32
		{619589EB-073B-4BDB-954C-7064CCE8F672}.RelWithDebInfo|Mixed Platforms.ActiveCfg = Release|Win32
		{619589EB-073B-4BDB-954C-7064CCE8F672}.RelWithDebInfo|Mixed Platforms.Build.0 = Release|Win32
		{619589EB-073B-4BDB-954C-7064CCE8F672}.RelWithDebInfo|Win32.ActiveCfg = Release|Win32
		{619589EB-073B-4BDB-954C-7064CCE8F672}.RelWithDebInfo|Win32.Build.0 = Release|Win32
		{619589EB-073B-4BDB-954C-7064CCE8F672}.RelWithDebInfo|x64.ActiveCfg = Release|Win32
		{619589EB-073B-4BDB-954C-7064CCE8F672}.RelWithDebInfo|x86.ActiveCfg = Release|Win32
		{619589EB-073B-4BDB-954C-7064CCE8F672}.RelWithDebInfo|x86.Build.0 = Release|Win32
		{3423EC9A-52E4-4A4D-9753-EDEBC38785EF}.Debug|Mixed Platforms.ActiveCfg = Debug|Win32
		{3423EC9A-52E4-4A4D-9753-EDEBC38785EF}.Debug|Mixed Platforms.Build.0 = Debug|Win32
		{3423EC9A-52E4-4A4D-9753-EDEBC38785EF}.Debug|Win32.ActiveCfg = Debug|Win32
		{3423EC9A-52E4-4A4D-9753-EDEBC38785EF}.Debug|Win32.Build.0 = Debug|Win32
		{3423EC9A-52E4-4A4D-9753-EDEBC38785EF}.Debug|x64.ActiveCfg = Debug|x64
		{3423EC9A-52E4-4A4D-9753-EDEBC38785EF}.Debug|x64.Build.0 = Debug|x64
		{3423EC9A-52E4-4A4D-9753-EDEBC38785EF}.Debug|x86.ActiveCfg = Debug|Win32
		{3423EC9A-52E4-4A4D-9753-EDEBC38785EF}.Debug|x86.Build.0 = Debug|Win32
		{3423EC9A-52E4-4A4D-9753-EDEBC38785EF}.DLL-Import Debug|Mixed Platforms.ActiveCfg = DLL-Import Debug|Win32
		{3423EC9A-52E4-4A4D-9753-EDEBC38785EF}.DLL-Import Debug|Mixed Platforms.Build.0 = DLL-Import Debug|Win32
		{3423EC9A-52E4-4A4D-9753-EDEBC38785EF}.DLL-Import Debug|Win32.ActiveCfg = DLL-Import Debug|Win32
		{3423EC9A-52E4-4A4D-9753-EDEBC38785EF}.DLL-Import Debug|Win32.Build.0 = DLL-Import Debug|Win32
		{3423EC9A-52E4-4A4D-9753-EDEBC38785EF}.DLL-Import Debug|x64.ActiveCfg = DLL-Import Debug|x64
		{3423EC9A-52E4-4A4D-9753-EDEBC38785EF}.DLL-Import Debug|x64.Build.0 = DLL-Import Debug|x64
		{3423EC9A-52E4-4A4D-9753-EDEBC38785EF}.DLL-Import Debug|x86.ActiveCfg = DLL-Import Debug|Win32
		{3423EC9A-52E4-4A4D-9753-EDEBC38785EF}.DLL-Import Debug|x86.Build.0 = DLL-Import Debug|Win32
		{3423EC9A-52E4-4A4D-9753-EDEBC38785EF}.DLL-Import Release|Mixed Platforms.ActiveCfg = DLL-Import Release|Win32
		{3423EC9A-52E4-4A4D-9753-EDEBC38785EF}.DLL-Import Release|Mixed Platforms.Build.0 = DLL-Import Release|Win32
		{3423EC9A-52E4-4A4D-9753-EDEBC38785EF}.DLL-Import Release|Win32.ActiveCfg = DLL-Import Release|Win32
		{3423EC9A-52E4-4A4D-9753-EDEBC38785EF}.DLL-Import Release|Win32.Build.0 = DLL-Import Release|Win32
		{3423EC9A-52E4-4A4D-9753-EDEBC38785EF}.DLL-Import Release|x64.ActiveCfg = DLL-Import Release|x64
		{3423EC9A-52E4-4A4D-9753-EDEBC38785EF}.DLL-Import Release|x64.Build.0 = DLL-Import Release|x64
		{3423EC9A-52E4-4A4D-9753-EDEBC38785EF}.DLL-Import Release|x86.ActiveCfg = DLL-Import Release|Win32
		{3423EC9A-52E4-4A4D-9753-EDEBC38785EF}.DLL-Import Release|x86.Build.0 = DLL-Import Release|Win32
		{3423EC9A-52E4-4A4D-9753-EDEBC38785EF}.MinSizeRel|Mixed Platforms.ActiveCfg = Release|Win32
		{3423EC9A-52E4-4A4D-9753-EDEBC38785EF}.MinSizeRel|Mixed Platforms.Build.0 = Release|Win32
		{3423EC9A-52E4-4A4D-9753-EDEBC38785EF}.MinSizeRel|Win32.ActiveCfg = Release|Win32
		{3423EC9A-52E4-4A4D-9753-EDEBC38785EF}.MinSizeRel|Win32.Build.0 = Release|Win32
		{3423EC9A-52E4-4A4D-9753-EDEBC38785EF}.MinSizeRel|x64.ActiveCfg = Release|x64
		{3423EC9A-52E4-4A4D-9753-EDEBC38785EF}.MinSizeRel|x64.Build.0 = Release|x64
		{3423EC9A-52E4-4A4D-9753-EDEBC38785EF}.MinSizeRel|x86.ActiveCfg = Release|Win32
		{3423EC9A-52E4-4A4D-9753-EDEBC38785EF}.MinSizeRel|x86.Build.0 = Release|Win32
		{3423EC9A-52E4-4A4D-9753-EDEBC38785EF}.Release|Mixed Platforms.ActiveCfg = Release|Win32
		{3423EC9A-52E4-4A4D-9753-EDEBC38785EF}.Release|Mixed Platforms.Build.0 = Release|Win32
		{3423EC9A-52E4-4A4D-9753-EDEBC38785EF}.Release|Win32.ActiveCfg = Release|Win32
		{3423EC9A-52E4-4A4D-9753-EDEBC38785EF}.Release|Win32.Build.0 = Release|Win32
		{3423EC9A-52E4-4A4D-9753-EDEBC38785EF}.Release|x64.ActiveCfg = Release|x64
		{3423EC9A-52E4-4A4D-9753-EDEBC38785EF}.Release|x64.Build.0 = Release|x64
		{3423EC9A-52E4-4A4D-9753-EDEBC38785EF}.Release|x86.ActiveCfg = Release|Win32
		{3423EC9A-52E4-4A4D-9753-EDEBC38785EF}.Release|x86.Build.0 = Release|Win32
		{3423EC9A-52E4-4A4D-9753-EDEBC38785EF}.RelWithDebInfo|Mixed Platforms.ActiveCfg = Release|Win32
		{3423EC9A-52E4-4A4D-9753-EDEBC38785EF}.RelWithDebInfo|Mixed Platforms.Build.0 = Release|Win32
		{3423EC9A-52E4-4A4D-9753-EDEBC38785EF}.RelWithDebInfo|Win32.ActiveCfg = Release|Win32
		{3423EC9A-52E4-4A4D-9753-EDEBC38785EF}.RelWithDebInfo|Win32.Build.0 = Release|Win32
		{3423EC9A-52E4-4A4D-9753-EDEBC38785EF}.RelWithDebInfo|x64.ActiveCfg = Release|x64
		{3423EC9A-52E4-4A4D-9753-EDEBC38785EF}.RelWithDebInfo|x64.Build.0 = Release|x64
		{3423EC9A-52E4-4A4D-9753-EDEBC38785EF}.RelWithDebInfo|x86.ActiveCfg = Release|Win32
		{3423EC9A-52E4-4A4D-9753-EDEBC38785EF}.RelWithDebInfo|x86.Build.0 = Release|Win32
		{B67944CC-CECE-4E75-8012-A134334955DC}.Debug|Mixed Platforms.ActiveCfg = Debug|Win32
		{B67944CC-CECE-4E75-8012-A134334955DC}.Debug|Mixed Platforms.Build.0 = Debug|Win32
		{B67944CC-CECE-4E75-8012-A134334955DC}.Debug|Win32.ActiveCfg = Debug|Win32
		{B67944CC-CECE-4E75-8012-A134334955DC}.Debug|Win32.Build.0 = Debug|Win32
		{B67944CC-CECE-4E75-8012-A134334955DC}.Debug|x64.ActiveCfg = Debug|Win32
		{B67944CC-CECE-4E75-8012-A134334955DC}.Debug|x86.ActiveCfg = Debug|Win32
		{B67944CC-CECE-4E75-8012-A134334955DC}.Debug|x86.Build.0 = Debug|Win32
		{B67944CC-CECE-4E75-8012-A134334955DC}.DLL-Import Debug|Mixed Platforms.ActiveCfg = Debug|Win32
		{B67944CC-CECE-4E75-8012-A134334955DC}.DLL-Import Debug|Mixed Platforms.Build.0 = Debug|Win32
		{B67944CC-CECE-4E75-8012-A134334955DC}.DLL-Import Debug|Win32.ActiveCfg = Debug|Win32
		{B67944CC-CECE-4E75-8012-A134334955DC}.DLL-Import Debug|Win32.Build.0 = Debug|Win32
		{B67944CC-CECE-4E75-8012-A134334955DC}.DLL-Import Debug|x64.ActiveCfg = Debug|Win32
		{B67944CC-CECE-4E75-8012-A134334955DC}.DLL-Import Debug|x86.ActiveCfg = Debug|Win32
		{B67944CC-CECE-4E75-8012-A134334955DC}.DLL-Import Debug|x86.Build.0 = Debug|Win32
		{B67944CC-CECE-4E75-8012-A134334955DC}.DLL-Import Release|Mixed Platforms.ActiveCfg = Release|Win32
		{B67944CC-CECE-4E75-8012-A134334955DC}.DLL-Import Release|Mixed Platforms.Build.0 = Release|Win32
		{B67944CC-CECE-4E75-8012-A134334955DC}.DLL-Import Release|Win32.ActiveCfg = Release|Win32
		{B67944CC-CECE-4E75-8012-A134334955DC}.DLL-Import Release|Win32.Build.0 = Release|Win32
		{B67944CC-CECE-4E75-8012-A134334955DC}.DLL-Import Release|x64.ActiveCfg = Release|Win32
		{B67944CC-CECE-4E75-8012-A134334955DC}.DLL-Import Release|x86.ActiveCfg = Release|Win32
		{B67944CC-CECE-4E75-8012-A134334955DC}.DLL-Import Release|x86.Build.0 = Release|Win32
		{B67944CC-CECE-4E75-8012-A134334955DC}.MinSizeRel|Mixed Platforms.ActiveCfg = Release|Win32
		{B67944CC-CECE-4E75-8012-A134334955DC}.MinSizeRel|Mixed Platforms.Build.0 = Release|Win32
		{B67944CC-CECE-4E75-8012-A134334955DC}.MinSizeRel|Win32.ActiveCfg = Release|Win32
		{B67944CC-CECE-4E75-8012-A134334955DC}.MinSizeRel|Win32.Build.0 = Release|Win32
		{B67944CC-CECE-4E75-8012-A134334955DC}.MinSizeRel|x64.ActiveCfg = Release|Win32
		{B67944CC-CECE-4E75-8012-A134334955DC}.MinSizeRel|x86.ActiveCfg = Release|Win32
		{B67944CC-CECE-4E75-8012-A134334955DC}.MinSizeRel|x86.Build.0 = Release|Win32
		{B67944CC-CECE-4E75-8012-A134334955DC}.Release|Mixed Platforms.ActiveCfg = Release|Win32
		{B67944CC-CECE-4E75-8012-A134334955DC}.Release|Mixed Platforms.Build.0 = Release|Win32
		{B67944CC-CECE-4E75-8012-A134334955DC}.Release|Win32.ActiveCfg = Release|Win32
		{B67944CC-CECE-4E75-8012-A134334955DC}.Release|Win32.Build.0 = Release|Win32
		{B67944CC-CECE-4E75-8012-A134334955DC}.Release|x64.ActiveCfg = Release|Win32
		{B67944CC-CECE-4E75-8012-A134334955DC}.Release|x86.ActiveCfg = Release|Win32
		{B67944CC-CECE-4E75-8012-A134334955DC}.Release|x86.Build.0 = Release|Win32
		{B67944CC-CECE-4E75-8012-A134334955DC}.RelWithDebInfo|Mixed Platforms.ActiveCfg = Release|Win32
		{B67944CC-CECE-4E75-8012-A134334955DC}.RelWithDebInfo|Mixed Platforms.Build.0 = Release|Win32
		{B67944CC-CECE-4E75-8012-A134334955DC}.RelWithDebInfo|Win32.ActiveCfg = Release|Win32
		{B67944CC-CECE-4E75-8012-A134334955DC}.RelWithDebInfo|Win32.Build.0 = Release|Win32
		{B67944CC-CECE-4E75-8012-A134334955DC}.RelWithDebInfo|x64.ActiveCfg = Release|Win32
		{B67944CC-CECE-4E75-8012-A134334955DC}.RelWithDebInfo|x86.ActiveCfg = Release|Win32
		{B67944CC-CECE-4E75-8012-A134334955DC}.RelWithDebInfo|x86.Build.0 = Release|Win32
	EndGlobalSection
	GlobalSection(SolutionProperties) = preSolution
		HideSolutionNode = FALSE
	EndGlobalSection
	GlobalSection(NestedProjects) = preSolution
		{B02D0991-5D78-4A36-A310-F0BB5B088E43} = {65C7DCF9-4756-41D1-9F36-BE9CCAD69829}
		{CFD33AEE-79BD-4B80-8E89-722553BD6BDD} = {65C7DCF9-4756-41D1-9F36-BE9CCAD69829}
		{2C99C6F9-FF85-47DB-9224-8C4822653657} = {65C7DCF9-4756-41D1-9F36-BE9CCAD69829}
		{A6E12632-DB8B-414D-A150-FB03A6CCA4AC} = {65C7DCF9-4756-41D1-9F36-BE9CCAD69829}
		{5A93558F-CA42-4D10-BCEF-0F4FAA246160} = {65C7DCF9-4756-41D1-9F36-BE9CCAD69829}
		{E7142BDE-8AD4-4493-A481-D54A1A0C826B} = {65C7DCF9-4756-41D1-9F36-BE9CCAD69829}
		{40BD52BB-5106-43B8-AD92-21BFD9343619} = {0408F2C3-B6C4-48D8-B41B-CED746147A38}
		{6734F8C8-0EB2-4A1A-8687-1812CCCAF01B} = {0408F2C3-B6C4-48D8-B41B-CED746147A38}
		{006686E3-6160-4984-827E-B9200E5B3338} = {0408F2C3-B6C4-48D8-B41B-CED746147A38}
		{1CB860DC-191E-38B1-A560-8309BDB2FD64} = {0408F2C3-B6C4-48D8-B41B-CED746147A38}
		{143195B8-6197-3FE6-AFF6-7CD550434948} = {0408F2C3-B6C4-48D8-B41B-CED746147A38}
		{619589EB-073B-4BDB-954C-7064CCE8F672} = {0408F2C3-B6C4-48D8-B41B-CED746147A38}
		{3423EC9A-52E4-4A4D-9753-EDEBC38785EF} = {0408F2C3-B6C4-48D8-B41B-CED746147A38}
		{B67944CC-CECE-4E75-8012-A134334955DC} = {0408F2C3-B6C4-48D8-B41B-CED746147A38}
	EndGlobalSection
EndGlobal
