
Microsoft Visual Studio Solution File, Format Version 12.00
# Visual Studio 2013
VisualStudioVersion = 12.0.31101.0
MinimumVisualStudioVersion = 10.0.40219.1
Project("{8BC9CEB8-8B4A-11D0-8D11-00A0C91BC942}") = "nanomsg_pub", "nanomsg_pub\nanomsg_pub.vcxproj", "{B02D0991-5D78-4A36-A310-F0BB5B088E43}"
	ProjectSection(ProjectDependencies) = postProject
		{3D722AA1-FD2C-4048-821F-8D18500FF1A4} = {3D722AA1-FD2C-4048-821F-8D18500FF1A4}
	EndProjectSection
EndProject
Project("{8BC9CEB8-8B4A-11D0-8D11-00A0C91BC942}") = "nanomsg_sub", "nanomsg_sub\nanomsg_sub.vcxproj", "{CFD33AEE-79BD-4B80-8E89-722553BD6BDD}"
	ProjectSection(ProjectDependencies) = postProject
		{3D722AA1-FD2C-4048-821F-8D18500FF1A4} = {3D722AA1-FD2C-4048-821F-8D18500FF1A4}
	EndProjectSection
EndProject
Project("{8BC9CEB8-8B4A-11D0-8D11-00A0C91BC942}") = "nanomsg", "..\..\nanomsg\builds\vs2013\src\nanomsg.vcxproj", "{0264689F-FED5-323E-9E99-A2DD2666F470}"
EndProject
Project("{8BC9CEB8-8B4A-11D0-8D11-00A0C91BC942}") = "nanomsg_rep", "nanomsg_rep\nanomsg_rep.vcxproj", "{2C99C6F9-FF85-47DB-9224-8C4822653657}"
	ProjectSection(ProjectDependencies) = postProject
		{3D722AA1-FD2C-4048-821F-8D18500FF1A4} = {3D722AA1-FD2C-4048-821F-8D18500FF1A4}
	EndProjectSection
EndProject
Project("{8BC9CEB8-8B4A-11D0-8D11-00A0C91BC942}") = "nanomsg_req", "nanomsg_req\nanomsg_req.vcxproj", "{A6E12632-DB8B-414D-A150-FB03A6CCA4AC}"
	ProjectSection(ProjectDependencies) = postProject
		{3D722AA1-FD2C-4048-821F-8D18500FF1A4} = {3D722AA1-FD2C-4048-821F-8D18500FF1A4}
	EndProjectSection
EndProject
Project("{8BC9CEB8-8B4A-11D0-8D11-00A0C91BC942}") = "nanomsg_ipc", "nanomsg_ipc\nanomsg_ipc.vcxproj", "{5A93558F-CA42-4D10-BCEF-0F4FAA246160}"
	ProjectSection(ProjectDependencies) = postProject
		{3D722AA1-FD2C-4048-821F-8D18500FF1A4} = {3D722AA1-FD2C-4048-821F-8D18500FF1A4}
	EndProjectSection
EndProject
Project("{8BC9CEB8-8B4A-11D0-8D11-00A0C91BC942}") = "nanomsg_bus", "nanomsg_bus\nanomsg_bus.vcxproj", "{E7142BDE-8AD4-4493-A481-D54A1A0C826B}"
	ProjectSection(ProjectDependencies) = postProject
		{3D722AA1-FD2C-4048-821F-8D18500FF1A4} = {3D722AA1-FD2C-4048-821F-8D18500FF1A4}
	EndProjectSection
EndProject
Project("{8BC9CEB8-8B4A-11D0-8D11-00A0C91BC942}") = "business", "business\business.vcxproj", "{3D722AA1-FD2C-4048-821F-8D18500FF1A4}"
EndProject
Project("{8BC9CEB8-8B4A-11D0-8D11-00A0C91BC942}") = "libevent", "libevent\libevent.vcxproj", "{3D9A9682-E61F-4FCC-86B2-F471357050F9}"
EndProject
Project("{8BC9CEB8-8B4A-11D0-8D11-00A0C91BC942}") = "libevent_core", "libevent\libevent_core.vcxproj", "{DF1DD7D0-4140-4F0D-8EC6-12484F514D7C}"
EndProject
Project("{8BC9CEB8-8B4A-11D0-8D11-00A0C91BC942}") = "libevent_extras", "libevent\libevent_extras.vcxproj", "{F19A9BD2-F414-4518-99D6-8168903D63C8}"
EndProject
Project("{8BC9CEB8-8B4A-11D0-8D11-00A0C91BC942}") = "GameServer", "GameServer\GameServer.vcxproj", "{C696E3B0-EE79-4CE4-B7FF-73F000F1A200}"
EndProject
Project("{8BC9CEB8-8B4A-11D0-8D11-00A0C91BC942}") = "PlatformServer", "PlatformServer\PlatformServer.vcxproj", "{28344E32-E503-4267-BE4E-DE976D89F9EF}"
EndProject
Project("{8BC9CEB8-8B4A-11D0-8D11-00A0C91BC942}") = "libproperties", "libproperties-1.0\vc\libproperties.vcxproj", "{40BD52BB-5106-43B8-AD92-21BFD9343619}"
EndProject
Project("{8BC9CEB8-8B4A-11D0-8D11-00A0C91BC942}") = "libutils", "libutils\libutils.vcxproj", "{6734F8C8-0EB2-4A1A-8687-1812CCCAF01B}"
EndProject
Project("{8BC9CEB8-8B4A-11D0-8D11-00A0C91BC942}") = "libnet", "libnet\libnet.vcxproj", "{006686E3-6160-4984-827E-B9200E5B3338}"
EndProject
Global
	GlobalSection(SolutionConfigurationPlatforms) = preSolution
		Debug|x64 = Debug|x64
		Debug|x86 = Debug|x86
		MinSizeRel|x64 = MinSizeRel|x64
		MinSizeRel|x86 = MinSizeRel|x86
		Release|x64 = Release|x64
		Release|x86 = Release|x86
		RelWithDebInfo|x64 = RelWithDebInfo|x64
		RelWithDebInfo|x86 = RelWithDebInfo|x86
	EndGlobalSection
	GlobalSection(ProjectConfigurationPlatforms) = postSolution
		{B02D0991-5D78-4A36-A310-F0BB5B088E43}.Debug|x64.ActiveCfg = Debug|x64
		{B02D0991-5D78-4A36-A310-F0BB5B088E43}.Debug|x64.Build.0 = Debug|x64
		{B02D0991-5D78-4A36-A310-F0BB5B088E43}.Debug|x86.ActiveCfg = Debug|Win32
		{B02D0991-5D78-4A36-A310-F0BB5B088E43}.Debug|x86.Build.0 = Debug|Win32
		{B02D0991-5D78-4A36-A310-F0BB5B088E43}.MinSizeRel|x64.ActiveCfg = Release|x64
		{B02D0991-5D78-4A36-A310-F0BB5B088E43}.MinSizeRel|x64.Build.0 = Release|x64
		{B02D0991-5D78-4A36-A310-F0BB5B088E43}.MinSizeRel|x86.ActiveCfg = Release|Win32
		{B02D0991-5D78-4A36-A310-F0BB5B088E43}.MinSizeRel|x86.Build.0 = Release|Win32
		{B02D0991-5D78-4A36-A310-F0BB5B088E43}.Release|x64.ActiveCfg = Release|x64
		{B02D0991-5D78-4A36-A310-F0BB5B088E43}.Release|x64.Build.0 = Release|x64
		{B02D0991-5D78-4A36-A310-F0BB5B088E43}.Release|x86.ActiveCfg = Release|Win32
		{B02D0991-5D78-4A36-A310-F0BB5B088E43}.Release|x86.Build.0 = Release|Win32
		{B02D0991-5D78-4A36-A310-F0BB5B088E43}.RelWithDebInfo|x64.ActiveCfg = Release|x64
		{B02D0991-5D78-4A36-A310-F0BB5B088E43}.RelWithDebInfo|x64.Build.0 = Release|x64
		{B02D0991-5D78-4A36-A310-F0BB5B088E43}.RelWithDebInfo|x86.ActiveCfg = Release|Win32
		{B02D0991-5D78-4A36-A310-F0BB5B088E43}.RelWithDebInfo|x86.Build.0 = Release|Win32
		{CFD33AEE-79BD-4B80-8E89-722553BD6BDD}.Debug|x64.ActiveCfg = Debug|x64
		{CFD33AEE-79BD-4B80-8E89-722553BD6BDD}.Debug|x64.Build.0 = Debug|x64
		{CFD33AEE-79BD-4B80-8E89-722553BD6BDD}.Debug|x86.ActiveCfg = Debug|Win32
		{CFD33AEE-79BD-4B80-8E89-722553BD6BDD}.Debug|x86.Build.0 = Debug|Win32
		{CFD33AEE-79BD-4B80-8E89-722553BD6BDD}.MinSizeRel|x64.ActiveCfg = Release|x64
		{CFD33AEE-79BD-4B80-8E89-722553BD6BDD}.MinSizeRel|x64.Build.0 = Release|x64
		{CFD33AEE-79BD-4B80-8E89-722553BD6BDD}.MinSizeRel|x86.ActiveCfg = Release|Win32
		{CFD33AEE-79BD-4B80-8E89-722553BD6BDD}.MinSizeRel|x86.Build.0 = Release|Win32
		{CFD33AEE-79BD-4B80-8E89-722553BD6BDD}.Release|x64.ActiveCfg = Release|x64
		{CFD33AEE-79BD-4B80-8E89-722553BD6BDD}.Release|x64.Build.0 = Release|x64
		{CFD33AEE-79BD-4B80-8E89-722553BD6BDD}.Release|x86.ActiveCfg = Release|Win32
		{CFD33AEE-79BD-4B80-8E89-722553BD6BDD}.Release|x86.Build.0 = Release|Win32
		{CFD33AEE-79BD-4B80-8E89-722553BD6BDD}.RelWithDebInfo|x64.ActiveCfg = Release|x64
		{CFD33AEE-79BD-4B80-8E89-722553BD6BDD}.RelWithDebInfo|x64.Build.0 = Release|x64
		{CFD33AEE-79BD-4B80-8E89-722553BD6BDD}.RelWithDebInfo|x86.ActiveCfg = Release|Win32
		{CFD33AEE-79BD-4B80-8E89-722553BD6BDD}.RelWithDebInfo|x86.Build.0 = Release|Win32
		{0264689F-FED5-323E-9E99-A2DD2666F470}.Debug|x64.ActiveCfg = Debug|Win32
		{0264689F-FED5-323E-9E99-A2DD2666F470}.Debug|x86.ActiveCfg = Debug|Win32
		{0264689F-FED5-323E-9E99-A2DD2666F470}.Debug|x86.Build.0 = Debug|Win32
		{0264689F-FED5-323E-9E99-A2DD2666F470}.MinSizeRel|x64.ActiveCfg = MinSizeRel|Win32
		{0264689F-FED5-323E-9E99-A2DD2666F470}.MinSizeRel|x86.ActiveCfg = MinSizeRel|Win32
		{0264689F-FED5-323E-9E99-A2DD2666F470}.MinSizeRel|x86.Build.0 = MinSizeRel|Win32
		{0264689F-FED5-323E-9E99-A2DD2666F470}.Release|x64.ActiveCfg = Release|Win32
		{0264689F-FED5-323E-9E99-A2DD2666F470}.Release|x86.ActiveCfg = Release|Win32
		{0264689F-FED5-323E-9E99-A2DD2666F470}.Release|x86.Build.0 = Release|Win32
		{0264689F-FED5-323E-9E99-A2DD2666F470}.RelWithDebInfo|x64.ActiveCfg = RelWithDebInfo|Win32
		{0264689F-FED5-323E-9E99-A2DD2666F470}.RelWithDebInfo|x86.ActiveCfg = RelWithDebInfo|Win32
		{0264689F-FED5-323E-9E99-A2DD2666F470}.RelWithDebInfo|x86.Build.0 = RelWithDebInfo|Win32
		{2C99C6F9-FF85-47DB-9224-8C4822653657}.Debug|x64.ActiveCfg = Debug|x64
		{2C99C6F9-FF85-47DB-9224-8C4822653657}.Debug|x64.Build.0 = Debug|x64
		{2C99C6F9-FF85-47DB-9224-8C4822653657}.Debug|x86.ActiveCfg = Debug|Win32
		{2C99C6F9-FF85-47DB-9224-8C4822653657}.Debug|x86.Build.0 = Debug|Win32
		{2C99C6F9-FF85-47DB-9224-8C4822653657}.MinSizeRel|x64.ActiveCfg = Release|x64
		{2C99C6F9-FF85-47DB-9224-8C4822653657}.MinSizeRel|x64.Build.0 = Release|x64
		{2C99C6F9-FF85-47DB-9224-8C4822653657}.MinSizeRel|x86.ActiveCfg = Release|Win32
		{2C99C6F9-FF85-47DB-9224-8C4822653657}.MinSizeRel|x86.Build.0 = Release|Win32
		{2C99C6F9-FF85-47DB-9224-8C4822653657}.Release|x64.ActiveCfg = Release|x64
		{2C99C6F9-FF85-47DB-9224-8C4822653657}.Release|x64.Build.0 = Release|x64
		{2C99C6F9-FF85-47DB-9224-8C4822653657}.Release|x86.ActiveCfg = Release|Win32
		{2C99C6F9-FF85-47DB-9224-8C4822653657}.Release|x86.Build.0 = Release|Win32
		{2C99C6F9-FF85-47DB-9224-8C4822653657}.RelWithDebInfo|x64.ActiveCfg = Release|x64
		{2C99C6F9-FF85-47DB-9224-8C4822653657}.RelWithDebInfo|x64.Build.0 = Release|x64
		{2C99C6F9-FF85-47DB-9224-8C4822653657}.RelWithDebInfo|x86.ActiveCfg = Release|Win32
		{2C99C6F9-FF85-47DB-9224-8C4822653657}.RelWithDebInfo|x86.Build.0 = Release|Win32
		{A6E12632-DB8B-414D-A150-FB03A6CCA4AC}.Debug|x64.ActiveCfg = Debug|x64
		{A6E12632-DB8B-414D-A150-FB03A6CCA4AC}.Debug|x64.Build.0 = Debug|x64
		{A6E12632-DB8B-414D-A150-FB03A6CCA4AC}.Debug|x86.ActiveCfg = Debug|Win32
		{A6E12632-DB8B-414D-A150-FB03A6CCA4AC}.Debug|x86.Build.0 = Debug|Win32
		{A6E12632-DB8B-414D-A150-FB03A6CCA4AC}.MinSizeRel|x64.ActiveCfg = Release|x64
		{A6E12632-DB8B-414D-A150-FB03A6CCA4AC}.MinSizeRel|x64.Build.0 = Release|x64
		{A6E12632-DB8B-414D-A150-FB03A6CCA4AC}.MinSizeRel|x86.ActiveCfg = Release|Win32
		{A6E12632-DB8B-414D-A150-FB03A6CCA4AC}.MinSizeRel|x86.Build.0 = Release|Win32
		{A6E12632-DB8B-414D-A150-FB03A6CCA4AC}.Release|x64.ActiveCfg = Release|x64
		{A6E12632-DB8B-414D-A150-FB03A6CCA4AC}.Release|x64.Build.0 = Release|x64
		{A6E12632-DB8B-414D-A150-FB03A6CCA4AC}.Release|x86.ActiveCfg = Release|Win32
		{A6E12632-DB8B-414D-A150-FB03A6CCA4AC}.Release|x86.Build.0 = Release|Win32
		{A6E12632-DB8B-414D-A150-FB03A6CCA4AC}.RelWithDebInfo|x64.ActiveCfg = Release|x64
		{A6E12632-DB8B-414D-A150-FB03A6CCA4AC}.RelWithDebInfo|x64.Build.0 = Release|x64
		{A6E12632-DB8B-414D-A150-FB03A6CCA4AC}.RelWithDebInfo|x86.ActiveCfg = Release|Win32
		{A6E12632-DB8B-414D-A150-FB03A6CCA4AC}.RelWithDebInfo|x86.Build.0 = Release|Win32
		{5A93558F-CA42-4D10-BCEF-0F4FAA246160}.Debug|x64.ActiveCfg = Debug|x64
		{5A93558F-CA42-4D10-BCEF-0F4FAA246160}.Debug|x64.Build.0 = Debug|x64
		{5A93558F-CA42-4D10-BCEF-0F4FAA246160}.Debug|x86.ActiveCfg = Debug|Win32
		{5A93558F-CA42-4D10-BCEF-0F4FAA246160}.Debug|x86.Build.0 = Debug|Win32
		{5A93558F-CA42-4D10-BCEF-0F4FAA246160}.MinSizeRel|x64.ActiveCfg = Release|x64
		{5A93558F-CA42-4D10-BCEF-0F4FAA246160}.MinSizeRel|x64.Build.0 = Release|x64
		{5A93558F-CA42-4D10-BCEF-0F4FAA246160}.MinSizeRel|x86.ActiveCfg = Release|Win32
		{5A93558F-CA42-4D10-BCEF-0F4FAA246160}.MinSizeRel|x86.Build.0 = Release|Win32
		{5A93558F-CA42-4D10-BCEF-0F4FAA246160}.Release|x64.ActiveCfg = Release|x64
		{5A93558F-CA42-4D10-BCEF-0F4FAA246160}.Release|x64.Build.0 = Release|x64
		{5A93558F-CA42-4D10-BCEF-0F4FAA246160}.Release|x86.ActiveCfg = Release|Win32
		{5A93558F-CA42-4D10-BCEF-0F4FAA246160}.Release|x86.Build.0 = Release|Win32
		{5A93558F-CA42-4D10-BCEF-0F4FAA246160}.RelWithDebInfo|x64.ActiveCfg = Release|x64
		{5A93558F-CA42-4D10-BCEF-0F4FAA246160}.RelWithDebInfo|x64.Build.0 = Release|x64
		{5A93558F-CA42-4D10-BCEF-0F4FAA246160}.RelWithDebInfo|x86.ActiveCfg = Release|Win32
		{5A93558F-CA42-4D10-BCEF-0F4FAA246160}.RelWithDebInfo|x86.Build.0 = Release|Win32
		{E7142BDE-8AD4-4493-A481-D54A1A0C826B}.Debug|x64.ActiveCfg = Debug|x64
		{E7142BDE-8AD4-4493-A481-D54A1A0C826B}.Debug|x64.Build.0 = Debug|x64
		{E7142BDE-8AD4-4493-A481-D54A1A0C826B}.Debug|x86.ActiveCfg = Debug|Win32
		{E7142BDE-8AD4-4493-A481-D54A1A0C826B}.Debug|x86.Build.0 = Debug|Win32
		{E7142BDE-8AD4-4493-A481-D54A1A0C826B}.MinSizeRel|x64.ActiveCfg = Release|x64
		{E7142BDE-8AD4-4493-A481-D54A1A0C826B}.MinSizeRel|x64.Build.0 = Release|x64
		{E7142BDE-8AD4-4493-A481-D54A1A0C826B}.MinSizeRel|x86.ActiveCfg = Release|Win32
		{E7142BDE-8AD4-4493-A481-D54A1A0C826B}.MinSizeRel|x86.Build.0 = Release|Win32
		{E7142BDE-8AD4-4493-A481-D54A1A0C826B}.Release|x64.ActiveCfg = Release|x64
		{E7142BDE-8AD4-4493-A481-D54A1A0C826B}.Release|x64.Build.0 = Release|x64
		{E7142BDE-8AD4-4493-A481-D54A1A0C826B}.Release|x86.ActiveCfg = Release|Win32
		{E7142BDE-8AD4-4493-A481-D54A1A0C826B}.Release|x86.Build.0 = Release|Win32
		{E7142BDE-8AD4-4493-A481-D54A1A0C826B}.RelWithDebInfo|x64.ActiveCfg = Release|x64
		{E7142BDE-8AD4-4493-A481-D54A1A0C826B}.RelWithDebInfo|x64.Build.0 = Release|x64
		{E7142BDE-8AD4-4493-A481-D54A1A0C826B}.RelWithDebInfo|x86.ActiveCfg = Release|Win32
		{E7142BDE-8AD4-4493-A481-D54A1A0C826B}.RelWithDebInfo|x86.Build.0 = Release|Win32
		{3D722AA1-FD2C-4048-821F-8D18500FF1A4}.Debug|x64.ActiveCfg = Debug|x64
		{3D722AA1-FD2C-4048-821F-8D18500FF1A4}.Debug|x64.Build.0 = Debug|x64
		{3D722AA1-FD2C-4048-821F-8D18500FF1A4}.Debug|x86.ActiveCfg = Debug|Win32
		{3D722AA1-FD2C-4048-821F-8D18500FF1A4}.Debug|x86.Build.0 = Debug|Win32
		{3D722AA1-FD2C-4048-821F-8D18500FF1A4}.MinSizeRel|x64.ActiveCfg = Release|x64
		{3D722AA1-FD2C-4048-821F-8D18500FF1A4}.MinSizeRel|x64.Build.0 = Release|x64
		{3D722AA1-FD2C-4048-821F-8D18500FF1A4}.MinSizeRel|x86.ActiveCfg = Release|Win32
		{3D722AA1-FD2C-4048-821F-8D18500FF1A4}.MinSizeRel|x86.Build.0 = Release|Win32
		{3D722AA1-FD2C-4048-821F-8D18500FF1A4}.Release|x64.ActiveCfg = Release|x64
		{3D722AA1-FD2C-4048-821F-8D18500FF1A4}.Release|x64.Build.0 = Release|x64
		{3D722AA1-FD2C-4048-821F-8D18500FF1A4}.Release|x86.ActiveCfg = Release|Win32
		{3D722AA1-FD2C-4048-821F-8D18500FF1A4}.Release|x86.Build.0 = Release|Win32
		{3D722AA1-FD2C-4048-821F-8D18500FF1A4}.RelWithDebInfo|x64.ActiveCfg = Release|x64
		{3D722AA1-FD2C-4048-821F-8D18500FF1A4}.RelWithDebInfo|x64.Build.0 = Release|x64
		{3D722AA1-FD2C-4048-821F-8D18500FF1A4}.RelWithDebInfo|x86.ActiveCfg = Release|Win32
		{3D722AA1-FD2C-4048-821F-8D18500FF1A4}.RelWithDebInfo|x86.Build.0 = Release|Win32
		{3D9A9682-E61F-4FCC-86B2-F471357050F9}.Debug|x64.ActiveCfg = Debug|Win32
		{3D9A9682-E61F-4FCC-86B2-F471357050F9}.Debug|x86.ActiveCfg = Debug|Win32
		{3D9A9682-E61F-4FCC-86B2-F471357050F9}.Debug|x86.Build.0 = Debug|Win32
		{3D9A9682-E61F-4FCC-86B2-F471357050F9}.MinSizeRel|x64.ActiveCfg = Release|Win32
		{3D9A9682-E61F-4FCC-86B2-F471357050F9}.MinSizeRel|x64.Build.0 = Release|Win32
		{3D9A9682-E61F-4FCC-86B2-F471357050F9}.MinSizeRel|x86.ActiveCfg = Release|Win32
		{3D9A9682-E61F-4FCC-86B2-F471357050F9}.MinSizeRel|x86.Build.0 = Release|Win32
		{3D9A9682-E61F-4FCC-86B2-F471357050F9}.Release|x64.ActiveCfg = Release|Win32
		{3D9A9682-E61F-4FCC-86B2-F471357050F9}.Release|x86.ActiveCfg = Release|Win32
		{3D9A9682-E61F-4FCC-86B2-F471357050F9}.Release|x86.Build.0 = Release|Win32
		{3D9A9682-E61F-4FCC-86B2-F471357050F9}.RelWithDebInfo|x64.ActiveCfg = Release|Win32
		{3D9A9682-E61F-4FCC-86B2-F471357050F9}.RelWithDebInfo|x64.Build.0 = Release|Win32
		{3D9A9682-E61F-4FCC-86B2-F471357050F9}.RelWithDebInfo|x86.ActiveCfg = Release|Win32
		{3D9A9682-E61F-4FCC-86B2-F471357050F9}.RelWithDebInfo|x86.Build.0 = Release|Win32
		{DF1DD7D0-4140-4F0D-8EC6-12484F514D7C}.Debug|x64.ActiveCfg = Debug|Win32
		{DF1DD7D0-4140-4F0D-8EC6-12484F514D7C}.Debug|x86.ActiveCfg = Debug|Win32
		{DF1DD7D0-4140-4F0D-8EC6-12484F514D7C}.Debug|x86.Build.0 = Debug|Win32
		{DF1DD7D0-4140-4F0D-8EC6-12484F514D7C}.MinSizeRel|x64.ActiveCfg = Release|Win32
		{DF1DD7D0-4140-4F0D-8EC6-12484F514D7C}.MinSizeRel|x64.Build.0 = Release|Win32
		{DF1DD7D0-4140-4F0D-8EC6-12484F514D7C}.MinSizeRel|x86.ActiveCfg = Release|Win32
		{DF1DD7D0-4140-4F0D-8EC6-12484F514D7C}.MinSizeRel|x86.Build.0 = Release|Win32
		{DF1DD7D0-4140-4F0D-8EC6-12484F514D7C}.Release|x64.ActiveCfg = Release|Win32
		{DF1DD7D0-4140-4F0D-8EC6-12484F514D7C}.Release|x86.ActiveCfg = Release|Win32
		{DF1DD7D0-4140-4F0D-8EC6-12484F514D7C}.Release|x86.Build.0 = Release|Win32
		{DF1DD7D0-4140-4F0D-8EC6-12484F514D7C}.RelWithDebInfo|x64.ActiveCfg = Release|Win32
		{DF1DD7D0-4140-4F0D-8EC6-12484F514D7C}.RelWithDebInfo|x64.Build.0 = Release|Win32
		{DF1DD7D0-4140-4F0D-8EC6-12484F514D7C}.RelWithDebInfo|x86.ActiveCfg = Release|Win32
		{DF1DD7D0-4140-4F0D-8EC6-12484F514D7C}.RelWithDebInfo|x86.Build.0 = Release|Win32
		{F19A9BD2-F414-4518-99D6-8168903D63C8}.Debug|x64.ActiveCfg = Debug|Win32
		{F19A9BD2-F414-4518-99D6-8168903D63C8}.Debug|x86.ActiveCfg = Debug|Win32
		{F19A9BD2-F414-4518-99D6-8168903D63C8}.Debug|x86.Build.0 = Debug|Win32
		{F19A9BD2-F414-4518-99D6-8168903D63C8}.MinSizeRel|x64.ActiveCfg = Release|Win32
		{F19A9BD2-F414-4518-99D6-8168903D63C8}.MinSizeRel|x64.Build.0 = Release|Win32
		{F19A9BD2-F414-4518-99D6-8168903D63C8}.MinSizeRel|x86.ActiveCfg = Release|Win32
		{F19A9BD2-F414-4518-99D6-8168903D63C8}.MinSizeRel|x86.Build.0 = Release|Win32
		{F19A9BD2-F414-4518-99D6-8168903D63C8}.Release|x64.ActiveCfg = Release|Win32
		{F19A9BD2-F414-4518-99D6-8168903D63C8}.Release|x86.ActiveCfg = Release|Win32
		{F19A9BD2-F414-4518-99D6-8168903D63C8}.Release|x86.Build.0 = Release|Win32
		{F19A9BD2-F414-4518-99D6-8168903D63C8}.RelWithDebInfo|x64.ActiveCfg = Release|Win32
		{F19A9BD2-F414-4518-99D6-8168903D63C8}.RelWithDebInfo|x64.Build.0 = Release|Win32
		{F19A9BD2-F414-4518-99D6-8168903D63C8}.RelWithDebInfo|x86.ActiveCfg = Release|Win32
		{F19A9BD2-F414-4518-99D6-8168903D63C8}.RelWithDebInfo|x86.Build.0 = Release|Win32
		{C696E3B0-EE79-4CE4-B7FF-73F000F1A200}.Debug|x64.ActiveCfg = Debug|Win32
		{C696E3B0-EE79-4CE4-B7FF-73F000F1A200}.Debug|x86.ActiveCfg = Debug|Win32
		{C696E3B0-EE79-4CE4-B7FF-73F000F1A200}.Debug|x86.Build.0 = Debug|Win32
		{C696E3B0-EE79-4CE4-B7FF-73F000F1A200}.MinSizeRel|x64.ActiveCfg = Release|Win32
		{C696E3B0-EE79-4CE4-B7FF-73F000F1A200}.MinSizeRel|x64.Build.0 = Release|Win32
		{C696E3B0-EE79-4CE4-B7FF-73F000F1A200}.MinSizeRel|x86.ActiveCfg = Release|Win32
		{C696E3B0-EE79-4CE4-B7FF-73F000F1A200}.MinSizeRel|x86.Build.0 = Release|Win32
		{C696E3B0-EE79-4CE4-B7FF-73F000F1A200}.Release|x64.ActiveCfg = Release|Win32
		{C696E3B0-EE79-4CE4-B7FF-73F000F1A200}.Release|x86.ActiveCfg = Release|Win32
		{C696E3B0-EE79-4CE4-B7FF-73F000F1A200}.Release|x86.Build.0 = Release|Win32
		{C696E3B0-EE79-4CE4-B7FF-73F000F1A200}.RelWithDebInfo|x64.ActiveCfg = Release|Win32
		{C696E3B0-EE79-4CE4-B7FF-73F000F1A200}.RelWithDebInfo|x64.Build.0 = Release|Win32
		{C696E3B0-EE79-4CE4-B7FF-73F000F1A200}.RelWithDebInfo|x86.ActiveCfg = Release|Win32
		{C696E3B0-EE79-4CE4-B7FF-73F000F1A200}.RelWithDebInfo|x86.Build.0 = Release|Win32
		{28344E32-E503-4267-BE4E-DE976D89F9EF}.Debug|x64.ActiveCfg = Debug|Win32
		{28344E32-E503-4267-BE4E-DE976D89F9EF}.Debug|x86.ActiveCfg = Debug|Win32
		{28344E32-E503-4267-BE4E-DE976D89F9EF}.Debug|x86.Build.0 = Debug|Win32
		{28344E32-E503-4267-BE4E-DE976D89F9EF}.MinSizeRel|x64.ActiveCfg = Release|Win32
		{28344E32-E503-4267-BE4E-DE976D89F9EF}.MinSizeRel|x64.Build.0 = Release|Win32
		{28344E32-E503-4267-BE4E-DE976D89F9EF}.MinSizeRel|x86.ActiveCfg = Release|Win32
		{28344E32-E503-4267-BE4E-DE976D89F9EF}.MinSizeRel|x86.Build.0 = Release|Win32
		{28344E32-E503-4267-BE4E-DE976D89F9EF}.Release|x64.ActiveCfg = Release|Win32
		{28344E32-E503-4267-BE4E-DE976D89F9EF}.Release|x86.ActiveCfg = Release|Win32
		{28344E32-E503-4267-BE4E-DE976D89F9EF}.Release|x86.Build.0 = Release|Win32
		{28344E32-E503-4267-BE4E-DE976D89F9EF}.RelWithDebInfo|x64.ActiveCfg = Release|Win32
		{28344E32-E503-4267-BE4E-DE976D89F9EF}.RelWithDebInfo|x64.Build.0 = Release|Win32
		{28344E32-E503-4267-BE4E-DE976D89F9EF}.RelWithDebInfo|x86.ActiveCfg = Release|Win32
		{28344E32-E503-4267-BE4E-DE976D89F9EF}.RelWithDebInfo|x86.Build.0 = Release|Win32
		{40BD52BB-5106-43B8-AD92-21BFD9343619}.Debug|x64.ActiveCfg = Debug|Win32
		{40BD52BB-5106-43B8-AD92-21BFD9343619}.Debug|x86.ActiveCfg = Debug|Win32
		{40BD52BB-5106-43B8-AD92-21BFD9343619}.Debug|x86.Build.0 = Debug|Win32
		{40BD52BB-5106-43B8-AD92-21BFD9343619}.MinSizeRel|x64.ActiveCfg = Release|Win32
		{40BD52BB-5106-43B8-AD92-21BFD9343619}.MinSizeRel|x64.Build.0 = Release|Win32
		{40BD52BB-5106-43B8-AD92-21BFD9343619}.MinSizeRel|x86.ActiveCfg = Release|Win32
		{40BD52BB-5106-43B8-AD92-21BFD9343619}.MinSizeRel|x86.Build.0 = Release|Win32
		{40BD52BB-5106-43B8-AD92-21BFD9343619}.Release|x64.ActiveCfg = Release|Win32
		{40BD52BB-5106-43B8-AD92-21BFD9343619}.Release|x86.ActiveCfg = Release|Win32
		{40BD52BB-5106-43B8-AD92-21BFD9343619}.Release|x86.Build.0 = Release|Win32
		{40BD52BB-5106-43B8-AD92-21BFD9343619}.RelWithDebInfo|x64.ActiveCfg = Release|Win32
		{40BD52BB-5106-43B8-AD92-21BFD9343619}.RelWithDebInfo|x64.Build.0 = Release|Win32
		{40BD52BB-5106-43B8-AD92-21BFD9343619}.RelWithDebInfo|x86.ActiveCfg = Release|Win32
		{40BD52BB-5106-43B8-AD92-21BFD9343619}.RelWithDebInfo|x86.Build.0 = Release|Win32
		{6734F8C8-0EB2-4A1A-8687-1812CCCAF01B}.Debug|x64.ActiveCfg = Debug|x64
		{6734F8C8-0EB2-4A1A-8687-1812CCCAF01B}.Debug|x64.Build.0 = Debug|x64
		{6734F8C8-0EB2-4A1A-8687-1812CCCAF01B}.Debug|x86.ActiveCfg = Debug|Win32
		{6734F8C8-0EB2-4A1A-8687-1812CCCAF01B}.Debug|x86.Build.0 = Debug|Win32
		{6734F8C8-0EB2-4A1A-8687-1812CCCAF01B}.MinSizeRel|x64.ActiveCfg = Release|x64
		{6734F8C8-0EB2-4A1A-8687-1812CCCAF01B}.MinSizeRel|x64.Build.0 = Release|x64
		{6734F8C8-0EB2-4A1A-8687-1812CCCAF01B}.MinSizeRel|x86.ActiveCfg = Release|Win32
		{6734F8C8-0EB2-4A1A-8687-1812CCCAF01B}.MinSizeRel|x86.Build.0 = Release|Win32
		{6734F8C8-0EB2-4A1A-8687-1812CCCAF01B}.Release|x64.ActiveCfg = Release|x64
		{6734F8C8-0EB2-4A1A-8687-1812CCCAF01B}.Release|x64.Build.0 = Release|x64
		{6734F8C8-0EB2-4A1A-8687-1812CCCAF01B}.Release|x86.ActiveCfg = Release|Win32
		{6734F8C8-0EB2-4A1A-8687-1812CCCAF01B}.Release|x86.Build.0 = Release|Win32
		{6734F8C8-0EB2-4A1A-8687-1812CCCAF01B}.RelWithDebInfo|x64.ActiveCfg = Release|x64
		{6734F8C8-0EB2-4A1A-8687-1812CCCAF01B}.RelWithDebInfo|x64.Build.0 = Release|x64
		{6734F8C8-0EB2-4A1A-8687-1812CCCAF01B}.RelWithDebInfo|x86.ActiveCfg = Release|Win32
		{6734F8C8-0EB2-4A1A-8687-1812CCCAF01B}.RelWithDebInfo|x86.Build.0 = Release|Win32
		{006686E3-6160-4984-827E-B9200E5B3338}.Debug|x64.ActiveCfg = Debug|x64
		{006686E3-6160-4984-827E-B9200E5B3338}.Debug|x64.Build.0 = Debug|x64
		{006686E3-6160-4984-827E-B9200E5B3338}.Debug|x86.ActiveCfg = Debug|Win32
		{006686E3-6160-4984-827E-B9200E5B3338}.Debug|x86.Build.0 = Debug|Win32
		{006686E3-6160-4984-827E-B9200E5B3338}.MinSizeRel|x64.ActiveCfg = Release|x64
		{006686E3-6160-4984-827E-B9200E5B3338}.MinSizeRel|x64.Build.0 = Release|x64
		{006686E3-6160-4984-827E-B9200E5B3338}.MinSizeRel|x86.ActiveCfg = Release|Win32
		{006686E3-6160-4984-827E-B9200E5B3338}.MinSizeRel|x86.Build.0 = Release|Win32
		{006686E3-6160-4984-827E-B9200E5B3338}.Release|x64.ActiveCfg = Release|x64
		{006686E3-6160-4984-827E-B9200E5B3338}.Release|x64.Build.0 = Release|x64
		{006686E3-6160-4984-827E-B9200E5B3338}.Release|x86.ActiveCfg = Release|Win32
		{006686E3-6160-4984-827E-B9200E5B3338}.Release|x86.Build.0 = Release|Win32
		{006686E3-6160-4984-827E-B9200E5B3338}.RelWithDebInfo|x64.ActiveCfg = Release|x64
		{006686E3-6160-4984-827E-B9200E5B3338}.RelWithDebInfo|x64.Build.0 = Release|x64
		{006686E3-6160-4984-827E-B9200E5B3338}.RelWithDebInfo|x86.ActiveCfg = Release|Win32
		{006686E3-6160-4984-827E-B9200E5B3338}.RelWithDebInfo|x86.Build.0 = Release|Win32
	EndGlobalSection
	GlobalSection(SolutionProperties) = preSolution
		HideSolutionNode = FALSE
	EndGlobalSection
EndGlobal
